// !$*UTF8*$!
{
	archiveVersion = 1;
	classes = {
	};
	objectVersion = 46;
	objects = {

/* Begin PBXBuildFile section */
		98043F2617B68EDD004AC762 /* UIKit.framework in Frameworks */ = {isa = PBXBuildFile; fileRef = 98043F2517B68EDD004AC762 /* UIKit.framework */; };
		98043F2817B68EDD004AC762 /* Foundation.framework in Frameworks */ = {isa = PBXBuildFile; fileRef = 98043F2717B68EDD004AC762 /* Foundation.framework */; };
		98043F2A17B68EDD004AC762 /* CoreGraphics.framework in Frameworks */ = {isa = PBXBuildFile; fileRef = 98043F2917B68EDD004AC762 /* CoreGraphics.framework */; };
		98043F3017B68EDD004AC762 /* InfoPlist.strings in Resources */ = {isa = PBXBuildFile; fileRef = 98043F2E17B68EDD004AC762 /* InfoPlist.strings */; };
		98043F3217B68EDD004AC762 /* main.m in Sources */ = {isa = PBXBuildFile; fileRef = 98043F3117B68EDD004AC762 /* main.m */; };
		98043F3617B68EDD004AC762 /* AppDelegate.m in Sources */ = {isa = PBXBuildFile; fileRef = 98043F3517B68EDD004AC762 /* AppDelegate.m */; };
		98043F3C17B68EDD004AC762 /* Default-568h@2x.png in Resources */ = {isa = PBXBuildFile; fileRef = 98043F3B17B68EDD004AC762 /* Default-568h@2x.png */; };
		98043F3F17B68EDD004AC762 /* MainMenuViewController.m in Sources */ = {isa = PBXBuildFile; fileRef = 98043F3E17B68EDD004AC762 /* MainMenuViewController.m */; };
		98043F4217B68EDD004AC762 /* MainMenuViewController.xib in Resources */ = {isa = PBXBuildFile; fileRef = 98043F4017B68EDD004AC762 /* MainMenuViewController.xib */; };
		98043F6217B7E0DC004AC762 /* CharacterMenuViewController.m in Sources */ = {isa = PBXBuildFile; fileRef = 98043F6017B7E0DC004AC762 /* CharacterMenuViewController.m */; };
		98043F6317B7E0DC004AC762 /* CharacterMenuViewController.xib in Resources */ = {isa = PBXBuildFile; fileRef = 98043F6117B7E0DC004AC762 /* CharacterMenuViewController.xib */; };
		98043F6A17B7E229004AC762 /* KanaListViewController.m in Sources */ = {isa = PBXBuildFile; fileRef = 98043F6817B7E229004AC762 /* KanaListViewController.m */; };
		98043F6B17B7E229004AC762 /* KanaListViewController.xib in Resources */ = {isa = PBXBuildFile; fileRef = 98043F6917B7E229004AC762 /* KanaListViewController.xib */; };
		98043F6F17B7E234004AC762 /* KanaQuizzerViewController.m in Sources */ = {isa = PBXBuildFile; fileRef = 98043F6D17B7E234004AC762 /* KanaQuizzerViewController.m */; };
		98043F7017B7E234004AC762 /* KanaQuizzerViewController.xib in Resources */ = {isa = PBXBuildFile; fileRef = 98043F6E17B7E234004AC762 /* KanaQuizzerViewController.xib */; };
		98043F7417B7E273004AC762 /* KanaViewerViewController.m in Sources */ = {isa = PBXBuildFile; fileRef = 98043F7217B7E273004AC762 /* KanaViewerViewController.m */; };
		98043F7517B7E273004AC762 /* KanaViewerViewController.xib in Resources */ = {isa = PBXBuildFile; fileRef = 98043F7317B7E273004AC762 /* KanaViewerViewController.xib */; };
		98043F8E17B7E3FF004AC762 /* gramSelect_top_gutter.png in Resources */ = {isa = PBXBuildFile; fileRef = 98043F7617B7E3FF004AC762 /* gramSelect_top_gutter.png */; };
		98043F8F17B7E3FF004AC762 /* gramSelect_bottom_gutter.png in Resources */ = {isa = PBXBuildFile; fileRef = 98043F7717B7E3FF004AC762 /* gramSelect_bottom_gutter.png */; };
		98043F9017B7E3FF004AC762 /* sentenceButton_highlighted.png in Resources */ = {isa = PBXBuildFile; fileRef = 98043F7817B7E3FF004AC762 /* sentenceButton_highlighted.png */; };
		98043F9117B7E3FF004AC762 /* sentenceButton.png in Resources */ = {isa = PBXBuildFile; fileRef = 98043F7917B7E3FF004AC762 /* sentenceButton.png */; };
		98043F9217B7E3FF004AC762 /* adjButton_highlighted.png in Resources */ = {isa = PBXBuildFile; fileRef = 98043F7A17B7E3FF004AC762 /* adjButton_highlighted.png */; };
		98043F9317B7E3FF004AC762 /* adjButton.png in Resources */ = {isa = PBXBuildFile; fileRef = 98043F7B17B7E3FF004AC762 /* adjButton.png */; };
		98043F9417B7E3FF004AC762 /* verbConjButton_highlighted.png in Resources */ = {isa = PBXBuildFile; fileRef = 98043F7C17B7E3FF004AC762 /* verbConjButton_highlighted.png */; };
		98043F9517B7E3FF004AC762 /* verbConjButton.png in Resources */ = {isa = PBXBuildFile; fileRef = 98043F7D17B7E3FF004AC762 /* verbConjButton.png */; };
		98043F9617B7E3FF004AC762 /* charPage_top_gutter.png in Resources */ = {isa = PBXBuildFile; fileRef = 98043F7E17B7E3FF004AC762 /* charPage_top_gutter.png */; };
		98043F9717B7E3FF004AC762 /* pink_bottom_gutter.png in Resources */ = {isa = PBXBuildFile; fileRef = 98043F7F17B7E3FF004AC762 /* pink_bottom_gutter.png */; };
		98043F9817B7E3FF004AC762 /* kanjiButton_highlighted.png in Resources */ = {isa = PBXBuildFile; fileRef = 98043F8017B7E3FF004AC762 /* kanjiButton_highlighted.png */; };
		98043F9917B7E3FF004AC762 /* kanjiButton.png in Resources */ = {isa = PBXBuildFile; fileRef = 98043F8117B7E3FF004AC762 /* kanjiButton.png */; };
		98043F9A17B7E3FF004AC762 /* katakanaButton_highlighted.png in Resources */ = {isa = PBXBuildFile; fileRef = 98043F8217B7E3FF004AC762 /* katakanaButton_highlighted.png */; };
		98043F9B17B7E3FF004AC762 /* katakanaButton.png in Resources */ = {isa = PBXBuildFile; fileRef = 98043F8317B7E3FF004AC762 /* katakanaButton.png */; };
		98043F9C17B7E3FF004AC762 /* hiraganaButton_highlighted.png in Resources */ = {isa = PBXBuildFile; fileRef = 98043F8417B7E3FF004AC762 /* hiraganaButton_highlighted.png */; };
		98043F9D17B7E3FF004AC762 /* hiraganaButton.png in Resources */ = {isa = PBXBuildFile; fileRef = 98043F8517B7E3FF004AC762 /* hiraganaButton.png */; };
		98043F9E17B7E3FF004AC762 /* top_gutter.png in Resources */ = {isa = PBXBuildFile; fileRef = 98043F8617B7E3FF004AC762 /* top_gutter.png */; };
		98043F9F17B7E3FF004AC762 /* bottom_gutter.png in Resources */ = {isa = PBXBuildFile; fileRef = 98043F8717B7E3FF004AC762 /* bottom_gutter.png */; };
		98043FA017B7E3FF004AC762 /* vocabButton_hilighted.png in Resources */ = {isa = PBXBuildFile; fileRef = 98043F8817B7E3FF004AC762 /* vocabButton_hilighted.png */; };
		98043FA117B7E3FF004AC762 /* vocabButton.png in Resources */ = {isa = PBXBuildFile; fileRef = 98043F8917B7E3FF004AC762 /* vocabButton.png */; };
		98043FA217B7E3FF004AC762 /* gramButton_highlighted.png in Resources */ = {isa = PBXBuildFile; fileRef = 98043F8A17B7E3FF004AC762 /* gramButton_highlighted.png */; };
		98043FA317B7E3FF004AC762 /* gramButton.png in Resources */ = {isa = PBXBuildFile; fileRef = 98043F8B17B7E3FF004AC762 /* gramButton.png */; };
		98043FA417B7E3FF004AC762 /* charButton_highlighted.png in Resources */ = {isa = PBXBuildFile; fileRef = 98043F8C17B7E3FF004AC762 /* charButton_highlighted.png */; };
		98043FA517B7E3FF004AC762 /* charButton.png in Resources */ = {isa = PBXBuildFile; fileRef = 98043F8D17B7E3FF004AC762 /* charButton.png */; };
		98043FA917B7E47A004AC762 /* vocabselect_top_gutter.png in Resources */ = {isa = PBXBuildFile; fileRef = 98043FA717B7E47A004AC762 /* vocabselect_top_gutter.png */; };
		98043FAA17B7E47A004AC762 /* vocabselect_bottom_gutter.png in Resources */ = {isa = PBXBuildFile; fileRef = 98043FA817B7E47A004AC762 /* vocabselect_bottom_gutter.png */; };
		98043FAE17B7E63C004AC762 /* GrammarMenuViewController.m in Sources */ = {isa = PBXBuildFile; fileRef = 98043FAC17B7E63C004AC762 /* GrammarMenuViewController.m */; };
		98043FAF17B7E63C004AC762 /* GrammarMenuViewController.xib in Resources */ = {isa = PBXBuildFile; fileRef = 98043FAD17B7E63C004AC762 /* GrammarMenuViewController.xib */; };
		98043FB317B7E6E4004AC762 /* VocabSetViewController.m in Sources */ = {isa = PBXBuildFile; fileRef = 98043FB117B7E6E4004AC762 /* VocabSetViewController.m */; };
		98043FB417B7E6E4004AC762 /* VocabSetViewController.xib in Resources */ = {isa = PBXBuildFile; fileRef = 98043FB217B7E6E4004AC762 /* VocabSetViewController.xib */; };
		98043FB917B7E73E004AC762 /* VocabViewerViewController.m in Sources */ = {isa = PBXBuildFile; fileRef = 98043FB717B7E73E004AC762 /* VocabViewerViewController.m */; };
		98043FBA17B7E73E004AC762 /* VocabViewerViewController.xib in Resources */ = {isa = PBXBuildFile; fileRef = 98043FB817B7E73E004AC762 /* VocabViewerViewController.xib */; };
		98043FBE17B8BB34004AC762 /* SentenceQuizzerViewController.m in Sources */ = {isa = PBXBuildFile; fileRef = 98043FBC17B8BB34004AC762 /* SentenceQuizzerViewController.m */; };
		98043FBF17B8BB34004AC762 /* SentenceQuizzerViewController.xib in Resources */ = {isa = PBXBuildFile; fileRef = 98043FBD17B8BB34004AC762 /* SentenceQuizzerViewController.xib */; };
		98043FC317B8BB66004AC762 /* AdjConjSifterViewController.m in Sources */ = {isa = PBXBuildFile; fileRef = 98043FC117B8BB66004AC762 /* AdjConjSifterViewController.m */; };
		98043FC417B8BB66004AC762 /* AdjConjSifterViewController.xib in Resources */ = {isa = PBXBuildFile; fileRef = 98043FC217B8BB66004AC762 /* AdjConjSifterViewController.xib */; };
		98043FC817B8BB99004AC762 /* VerbConjSifterViewController.m in Sources */ = {isa = PBXBuildFile; fileRef = 98043FC617B8BB99004AC762 /* VerbConjSifterViewController.m */; };
		98043FC917B8BB99004AC762 /* VerbConjSifterViewController.xib in Resources */ = {isa = PBXBuildFile; fileRef = 98043FC717B8BB99004AC762 /* VerbConjSifterViewController.xib */; };
		98043FCD17B8BFA0004AC762 /* KanjiListViewController.m in Sources */ = {isa = PBXBuildFile; fileRef = 98043FCB17B8BFA0004AC762 /* KanjiListViewController.m */; };
		98043FCE17B8BFA0004AC762 /* KanjiListViewController.xib in Resources */ = {isa = PBXBuildFile; fileRef = 98043FCC17B8BFA0004AC762 /* KanjiListViewController.xib */; };
		98043FD217B8BFAE004AC762 /* KanjiViewerViewController.m in Sources */ = {isa = PBXBuildFile; fileRef = 98043FD017B8BFAD004AC762 /* KanjiViewerViewController.m */; };
		98043FD317B8BFAE004AC762 /* KanjiViewerViewController.xib in Resources */ = {isa = PBXBuildFile; fileRef = 98043FD117B8BFAD004AC762 /* KanjiViewerViewController.xib */; };
		98043FDB17B92471004AC762 /* hiragana.json in Resources */ = {isa = PBXBuildFile; fileRef = 98043FDA17B92471004AC762 /* hiragana.json */; };
		98043FDD17B9280E004AC762 /* katakana.json in Resources */ = {isa = PBXBuildFile; fileRef = 98043FDC17B9280E004AC762 /* katakana.json */; };
		98043FE217B92B3B004AC762 /* CharacterDataController.m in Sources */ = {isa = PBXBuildFile; fileRef = 98043FE117B92B3A004AC762 /* CharacterDataController.m */; };
		9804401517B947DD004AC762 /* hira_n_stroke.png in Resources */ = {isa = PBXBuildFile; fileRef = 98043FE517B947DD004AC762 /* hira_n_stroke.png */; };
		9804401617B947DD004AC762 /* hira_wo_stroke.png in Resources */ = {isa = PBXBuildFile; fileRef = 98043FE617B947DD004AC762 /* hira_wo_stroke.png */; };
		9804401717B947DD004AC762 /* hira_we_stroke.png in Resources */ = {isa = PBXBuildFile; fileRef = 98043FE717B947DD004AC762 /* hira_we_stroke.png */; };
		9804401817B947DD004AC762 /* hira_wi_stroke.png in Resources */ = {isa = PBXBuildFile; fileRef = 98043FE817B947DD004AC762 /* hira_wi_stroke.png */; };
		9804401917B947DD004AC762 /* hira_wa_stroke.png in Resources */ = {isa = PBXBuildFile; fileRef = 98043FE917B947DD004AC762 /* hira_wa_stroke.png */; };
		9804401A17B947DD004AC762 /* hira_ro_stroke.png in Resources */ = {isa = PBXBuildFile; fileRef = 98043FEA17B947DD004AC762 /* hira_ro_stroke.png */; };
		9804401B17B947DD004AC762 /* hira_re_stroke.png in Resources */ = {isa = PBXBuildFile; fileRef = 98043FEB17B947DD004AC762 /* hira_re_stroke.png */; };
		9804401C17B947DD004AC762 /* hira_ru_stroke.png in Resources */ = {isa = PBXBuildFile; fileRef = 98043FEC17B947DD004AC762 /* hira_ru_stroke.png */; };
		9804401D17B947DD004AC762 /* hira_ri_stroke.png in Resources */ = {isa = PBXBuildFile; fileRef = 98043FED17B947DD004AC762 /* hira_ri_stroke.png */; };
		9804401E17B947DD004AC762 /* hira_ra_stroke.png in Resources */ = {isa = PBXBuildFile; fileRef = 98043FEE17B947DD004AC762 /* hira_ra_stroke.png */; };
		9804401F17B947DD004AC762 /* hira_yo_stroke.png in Resources */ = {isa = PBXBuildFile; fileRef = 98043FEF17B947DD004AC762 /* hira_yo_stroke.png */; };
		9804402017B947DD004AC762 /* hira_yu_stroke.png in Resources */ = {isa = PBXBuildFile; fileRef = 98043FF017B947DD004AC762 /* hira_yu_stroke.png */; };
		9804402117B947DD004AC762 /* hira_ya_stroke.png in Resources */ = {isa = PBXBuildFile; fileRef = 98043FF117B947DD004AC762 /* hira_ya_stroke.png */; };
		9804402217B947DD004AC762 /* hira_mo_stroke.png in Resources */ = {isa = PBXBuildFile; fileRef = 98043FF217B947DD004AC762 /* hira_mo_stroke.png */; };
		9804402317B947DD004AC762 /* hira_me_stroke.png in Resources */ = {isa = PBXBuildFile; fileRef = 98043FF317B947DD004AC762 /* hira_me_stroke.png */; };
		9804402417B947DD004AC762 /* hira_mu_stroke.png in Resources */ = {isa = PBXBuildFile; fileRef = 98043FF417B947DD004AC762 /* hira_mu_stroke.png */; };
		9804402517B947DD004AC762 /* hira_mi_stroke.png in Resources */ = {isa = PBXBuildFile; fileRef = 98043FF517B947DD004AC762 /* hira_mi_stroke.png */; };
		9804402617B947DD004AC762 /* hira_ma_stroke.png in Resources */ = {isa = PBXBuildFile; fileRef = 98043FF617B947DD004AC762 /* hira_ma_stroke.png */; };
		9804402717B947DD004AC762 /* hira_ho_stroke.png in Resources */ = {isa = PBXBuildFile; fileRef = 98043FF717B947DD004AC762 /* hira_ho_stroke.png */; };
		9804402817B947DD004AC762 /* hira_he_stroke.png in Resources */ = {isa = PBXBuildFile; fileRef = 98043FF817B947DD004AC762 /* hira_he_stroke.png */; };
		9804402917B947DD004AC762 /* hira_fu_stroke.png in Resources */ = {isa = PBXBuildFile; fileRef = 98043FF917B947DD004AC762 /* hira_fu_stroke.png */; };
		9804402A17B947DD004AC762 /* hira_hi_stroke.png in Resources */ = {isa = PBXBuildFile; fileRef = 98043FFA17B947DD004AC762 /* hira_hi_stroke.png */; };
		9804402B17B947DD004AC762 /* hira_ha_stroke.png in Resources */ = {isa = PBXBuildFile; fileRef = 98043FFB17B947DD004AC762 /* hira_ha_stroke.png */; };
		9804402C17B947DD004AC762 /* hira_no_stroke.png in Resources */ = {isa = PBXBuildFile; fileRef = 98043FFC17B947DD004AC762 /* hira_no_stroke.png */; };
		9804402D17B947DD004AC762 /* hira_ne_stroke.png in Resources */ = {isa = PBXBuildFile; fileRef = 98043FFD17B947DD004AC762 /* hira_ne_stroke.png */; };
		9804402E17B947DD004AC762 /* hira_nu_stroke.png in Resources */ = {isa = PBXBuildFile; fileRef = 98043FFE17B947DD004AC762 /* hira_nu_stroke.png */; };
		9804402F17B947DD004AC762 /* hira_ni_stroke.png in Resources */ = {isa = PBXBuildFile; fileRef = 98043FFF17B947DD004AC762 /* hira_ni_stroke.png */; };
		9804403017B947DD004AC762 /* hira_na_stroke.png in Resources */ = {isa = PBXBuildFile; fileRef = 9804400017B947DD004AC762 /* hira_na_stroke.png */; };
		9804403117B947DD004AC762 /* hira_to_stroke.png in Resources */ = {isa = PBXBuildFile; fileRef = 9804400117B947DD004AC762 /* hira_to_stroke.png */; };
		9804403217B947DD004AC762 /* hira_te_stroke.png in Resources */ = {isa = PBXBuildFile; fileRef = 9804400217B947DD004AC762 /* hira_te_stroke.png */; };
		9804403317B947DD004AC762 /* hira_tsu_stroke.png in Resources */ = {isa = PBXBuildFile; fileRef = 9804400317B947DD004AC762 /* hira_tsu_stroke.png */; };
		9804403417B947DD004AC762 /* hira_chi_stroke.png in Resources */ = {isa = PBXBuildFile; fileRef = 9804400417B947DD004AC762 /* hira_chi_stroke.png */; };
		9804403517B947DD004AC762 /* hira_ta_stroke.png in Resources */ = {isa = PBXBuildFile; fileRef = 9804400517B947DD004AC762 /* hira_ta_stroke.png */; };
		9804403617B947DD004AC762 /* hira_so_stroke.png in Resources */ = {isa = PBXBuildFile; fileRef = 9804400617B947DD004AC762 /* hira_so_stroke.png */; };
		9804403717B947DD004AC762 /* hira_se_stroke.png in Resources */ = {isa = PBXBuildFile; fileRef = 9804400717B947DD004AC762 /* hira_se_stroke.png */; };
		9804403817B947DD004AC762 /* hira_su_stroke.png in Resources */ = {isa = PBXBuildFile; fileRef = 9804400817B947DD004AC762 /* hira_su_stroke.png */; };
		9804403917B947DD004AC762 /* hira_shi_stroke.png in Resources */ = {isa = PBXBuildFile; fileRef = 9804400917B947DD004AC762 /* hira_shi_stroke.png */; };
		9804403A17B947DD004AC762 /* hira_sa_stroke.png in Resources */ = {isa = PBXBuildFile; fileRef = 9804400A17B947DD004AC762 /* hira_sa_stroke.png */; };
		9804403B17B947DD004AC762 /* hira_ko_stroke.png in Resources */ = {isa = PBXBuildFile; fileRef = 9804400B17B947DD004AC762 /* hira_ko_stroke.png */; };
		9804403C17B947DD004AC762 /* hira_ke_stroke.png in Resources */ = {isa = PBXBuildFile; fileRef = 9804400C17B947DD004AC762 /* hira_ke_stroke.png */; };
		9804403D17B947DD004AC762 /* hira_ku_stroke.png in Resources */ = {isa = PBXBuildFile; fileRef = 9804400D17B947DD004AC762 /* hira_ku_stroke.png */; };
		9804403E17B947DD004AC762 /* hira_ki_stroke.png in Resources */ = {isa = PBXBuildFile; fileRef = 9804400E17B947DD004AC762 /* hira_ki_stroke.png */; };
		9804403F17B947DD004AC762 /* hira_ka_stroke.png in Resources */ = {isa = PBXBuildFile; fileRef = 9804400F17B947DD004AC762 /* hira_ka_stroke.png */; };
		9804404017B947DD004AC762 /* hira_o_stroke.png in Resources */ = {isa = PBXBuildFile; fileRef = 9804401017B947DD004AC762 /* hira_o_stroke.png */; };
		9804404117B947DD004AC762 /* hira_e_stroke.png in Resources */ = {isa = PBXBuildFile; fileRef = 9804401117B947DD004AC762 /* hira_e_stroke.png */; };
		9804404217B947DD004AC762 /* hira_u_stroke.png in Resources */ = {isa = PBXBuildFile; fileRef = 9804401217B947DD004AC762 /* hira_u_stroke.png */; };
		9804404317B947DD004AC762 /* hira_i_stroke.png in Resources */ = {isa = PBXBuildFile; fileRef = 9804401317B947DD004AC762 /* hira_i_stroke.png */; };
		9804404417B947DD004AC762 /* hira_a_stroke.png in Resources */ = {isa = PBXBuildFile; fileRef = 9804401417B947DD004AC762 /* hira_a_stroke.png */; };
		9804407517B947F8004AC762 /* kata_n_stroke.png in Resources */ = {isa = PBXBuildFile; fileRef = 9804404517B947F8004AC762 /* kata_n_stroke.png */; };
		9804407617B947F8004AC762 /* kata_wo_stroke.png in Resources */ = {isa = PBXBuildFile; fileRef = 9804404617B947F8004AC762 /* kata_wo_stroke.png */; };
		9804407717B947F8004AC762 /* kata_we_stroke.png in Resources */ = {isa = PBXBuildFile; fileRef = 9804404717B947F8004AC762 /* kata_we_stroke.png */; };
		9804407817B947F8004AC762 /* kata_wi_stroke.png in Resources */ = {isa = PBXBuildFile; fileRef = 9804404817B947F8004AC762 /* kata_wi_stroke.png */; };
		9804407917B947F8004AC762 /* kata_wa_stroke.png in Resources */ = {isa = PBXBuildFile; fileRef = 9804404917B947F8004AC762 /* kata_wa_stroke.png */; };
		9804407A17B947F8004AC762 /* kata_ro_stroke.png in Resources */ = {isa = PBXBuildFile; fileRef = 9804404A17B947F8004AC762 /* kata_ro_stroke.png */; };
		9804407B17B947F8004AC762 /* kata_re_stroke.png in Resources */ = {isa = PBXBuildFile; fileRef = 9804404B17B947F8004AC762 /* kata_re_stroke.png */; };
		9804407C17B947F8004AC762 /* kata_ru_stroke.png in Resources */ = {isa = PBXBuildFile; fileRef = 9804404C17B947F8004AC762 /* kata_ru_stroke.png */; };
		9804407D17B947F8004AC762 /* kata_ri_stroke.png in Resources */ = {isa = PBXBuildFile; fileRef = 9804404D17B947F8004AC762 /* kata_ri_stroke.png */; };
		9804407E17B947F8004AC762 /* kata_ra_stroke.png in Resources */ = {isa = PBXBuildFile; fileRef = 9804404E17B947F8004AC762 /* kata_ra_stroke.png */; };
		9804407F17B947F8004AC762 /* kata_yo_stroke.png in Resources */ = {isa = PBXBuildFile; fileRef = 9804404F17B947F8004AC762 /* kata_yo_stroke.png */; };
		9804408017B947F8004AC762 /* kata_yu_stroke.png in Resources */ = {isa = PBXBuildFile; fileRef = 9804405017B947F8004AC762 /* kata_yu_stroke.png */; };
		9804408117B947F8004AC762 /* kata_ya_stroke.png in Resources */ = {isa = PBXBuildFile; fileRef = 9804405117B947F8004AC762 /* kata_ya_stroke.png */; };
		9804408217B947F8004AC762 /* kata_mo_stroke.png in Resources */ = {isa = PBXBuildFile; fileRef = 9804405217B947F8004AC762 /* kata_mo_stroke.png */; };
		9804408317B947F8004AC762 /* kata_me_stroke.png in Resources */ = {isa = PBXBuildFile; fileRef = 9804405317B947F8004AC762 /* kata_me_stroke.png */; };
		9804408417B947F8004AC762 /* kata_mu_stroke.png in Resources */ = {isa = PBXBuildFile; fileRef = 9804405417B947F8004AC762 /* kata_mu_stroke.png */; };
		9804408517B947F8004AC762 /* kata_mi_stroke.png in Resources */ = {isa = PBXBuildFile; fileRef = 9804405517B947F8004AC762 /* kata_mi_stroke.png */; };
		9804408617B947F8004AC762 /* kata_ma_stroke.png in Resources */ = {isa = PBXBuildFile; fileRef = 9804405617B947F8004AC762 /* kata_ma_stroke.png */; };
		9804408717B947F8004AC762 /* kata_ho_stroke.png in Resources */ = {isa = PBXBuildFile; fileRef = 9804405717B947F8004AC762 /* kata_ho_stroke.png */; };
		9804408817B947F8004AC762 /* kata_he_stroke.png in Resources */ = {isa = PBXBuildFile; fileRef = 9804405817B947F8004AC762 /* kata_he_stroke.png */; };
		9804408917B947F8004AC762 /* kata_fu_stroke.png in Resources */ = {isa = PBXBuildFile; fileRef = 9804405917B947F8004AC762 /* kata_fu_stroke.png */; };
		9804408A17B947F8004AC762 /* kata_hi_stroke.png in Resources */ = {isa = PBXBuildFile; fileRef = 9804405A17B947F8004AC762 /* kata_hi_stroke.png */; };
		9804408B17B947F8004AC762 /* kata_ha_stroke.png in Resources */ = {isa = PBXBuildFile; fileRef = 9804405B17B947F8004AC762 /* kata_ha_stroke.png */; };
		9804408C17B947F8004AC762 /* kata_no_stroke.png in Resources */ = {isa = PBXBuildFile; fileRef = 9804405C17B947F8004AC762 /* kata_no_stroke.png */; };
		9804408D17B947F8004AC762 /* kata_ne_stroke.png in Resources */ = {isa = PBXBuildFile; fileRef = 9804405D17B947F8004AC762 /* kata_ne_stroke.png */; };
		9804408E17B947F8004AC762 /* kata_nu_stroke.png in Resources */ = {isa = PBXBuildFile; fileRef = 9804405E17B947F8004AC762 /* kata_nu_stroke.png */; };
		9804408F17B947F8004AC762 /* kata_ni_stroke.png in Resources */ = {isa = PBXBuildFile; fileRef = 9804405F17B947F8004AC762 /* kata_ni_stroke.png */; };
		9804409017B947F8004AC762 /* kata_na_stroke.png in Resources */ = {isa = PBXBuildFile; fileRef = 9804406017B947F8004AC762 /* kata_na_stroke.png */; };
		9804409117B947F8004AC762 /* kata_to_stroke.png in Resources */ = {isa = PBXBuildFile; fileRef = 9804406117B947F8004AC762 /* kata_to_stroke.png */; };
		9804409217B947F8004AC762 /* kata_te_stroke.png in Resources */ = {isa = PBXBuildFile; fileRef = 9804406217B947F8004AC762 /* kata_te_stroke.png */; };
		9804409317B947F8004AC762 /* kata_tsu_stroke.png in Resources */ = {isa = PBXBuildFile; fileRef = 9804406317B947F8004AC762 /* kata_tsu_stroke.png */; };
		9804409417B947F8004AC762 /* kata_chi_stroke.png in Resources */ = {isa = PBXBuildFile; fileRef = 9804406417B947F8004AC762 /* kata_chi_stroke.png */; };
		9804409517B947F8004AC762 /* kata_ta_stroke.png in Resources */ = {isa = PBXBuildFile; fileRef = 9804406517B947F8004AC762 /* kata_ta_stroke.png */; };
		9804409617B947F8004AC762 /* kata_so_stroke.png in Resources */ = {isa = PBXBuildFile; fileRef = 9804406617B947F8004AC762 /* kata_so_stroke.png */; };
		9804409717B947F8004AC762 /* kata_se_stroke.png in Resources */ = {isa = PBXBuildFile; fileRef = 9804406717B947F8004AC762 /* kata_se_stroke.png */; };
		9804409817B947F8004AC762 /* kata_su_stroke.png in Resources */ = {isa = PBXBuildFile; fileRef = 9804406817B947F8004AC762 /* kata_su_stroke.png */; };
		9804409917B947F8004AC762 /* kata_shi_stroke.png in Resources */ = {isa = PBXBuildFile; fileRef = 9804406917B947F8004AC762 /* kata_shi_stroke.png */; };
		9804409A17B947F8004AC762 /* kata_sa_stroke.png in Resources */ = {isa = PBXBuildFile; fileRef = 9804406A17B947F8004AC762 /* kata_sa_stroke.png */; };
		9804409B17B947F8004AC762 /* kata_ko_stroke.png in Resources */ = {isa = PBXBuildFile; fileRef = 9804406B17B947F8004AC762 /* kata_ko_stroke.png */; };
		9804409C17B947F8004AC762 /* kata_ke_stroke.png in Resources */ = {isa = PBXBuildFile; fileRef = 9804406C17B947F8004AC762 /* kata_ke_stroke.png */; };
		9804409D17B947F8004AC762 /* kata_ku_stroke.png in Resources */ = {isa = PBXBuildFile; fileRef = 9804406D17B947F8004AC762 /* kata_ku_stroke.png */; };
		9804409E17B947F8004AC762 /* kata_ki_stroke.png in Resources */ = {isa = PBXBuildFile; fileRef = 9804406E17B947F8004AC762 /* kata_ki_stroke.png */; };
		9804409F17B947F8004AC762 /* kata_ka_stroke.png in Resources */ = {isa = PBXBuildFile; fileRef = 9804406F17B947F8004AC762 /* kata_ka_stroke.png */; };
		980440A017B947F8004AC762 /* kata_o_stroke.png in Resources */ = {isa = PBXBuildFile; fileRef = 9804407017B947F8004AC762 /* kata_o_stroke.png */; };
		980440A117B947F8004AC762 /* kata_e_stroke.png in Resources */ = {isa = PBXBuildFile; fileRef = 9804407117B947F8004AC762 /* kata_e_stroke.png */; };
		980440A217B947F8004AC762 /* kata_u_stroke.png in Resources */ = {isa = PBXBuildFile; fileRef = 9804407217B947F8004AC762 /* kata_u_stroke.png */; };
		980440A317B947F8004AC762 /* kata_i_stroke.png in Resources */ = {isa = PBXBuildFile; fileRef = 9804407317B947F8004AC762 /* kata_i_stroke.png */; };
		980440A417B947F8004AC762 /* kata_a_stroke.png in Resources */ = {isa = PBXBuildFile; fileRef = 9804407417B947F8004AC762 /* kata_a_stroke.png */; };
		980440A717BA3ED7004AC762 /* quizIcon.png in Resources */ = {isa = PBXBuildFile; fileRef = 980440A517BA3ED6004AC762 /* quizIcon.png */; };
		980440A817BA3ED7004AC762 /* listIcon.png in Resources */ = {isa = PBXBuildFile; fileRef = 980440A617BA3ED7004AC762 /* listIcon.png */; };
		98834FA517BDBCDE00DF9A81 /* Default@2x.png in Resources */ = {isa = PBXBuildFile; fileRef = 98834FA417BDBCDE00DF9A81 /* Default@2x.png */; };
		98834FA717BDBCE700DF9A81 /* Default.png in Resources */ = {isa = PBXBuildFile; fileRef = 98834FA617BDBCE600DF9A81 /* Default.png */; };
		98F5C18D17BBBE2E00833E26 /* QuizController.m in Sources */ = {isa = PBXBuildFile; fileRef = 98F5C18C17BBBE2E00833E26 /* QuizController.m */; };
		98F5C19017BBC8A000833E26 /* PsuedoStack.m in Sources */ = {isa = PBXBuildFile; fileRef = 98F5C18F17BBC8A000833E26 /* PsuedoStack.m */; };
/* End PBXBuildFile section */

/* Begin PBXFileReference section */
		98043F2217B68EDD004AC762 /* Oshieru.app */ = {isa = PBXFileReference; explicitFileType = wrapper.application; includeInIndex = 0; path = Oshieru.app; sourceTree = BUILT_PRODUCTS_DIR; };
		98043F2517B68EDD004AC762 /* UIKit.framework */ = {isa = PBXFileReference; lastKnownFileType = wrapper.framework; name = UIKit.framework; path = System/Library/Frameworks/UIKit.framework; sourceTree = SDKROOT; };
		98043F2717B68EDD004AC762 /* Foundation.framework */ = {isa = PBXFileReference; lastKnownFileType = wrapper.framework; name = Foundation.framework; path = System/Library/Frameworks/Foundation.framework; sourceTree = SDKROOT; };
		98043F2917B68EDD004AC762 /* CoreGraphics.framework */ = {isa = PBXFileReference; lastKnownFileType = wrapper.framework; name = CoreGraphics.framework; path = System/Library/Frameworks/CoreGraphics.framework; sourceTree = SDKROOT; };
		98043F2D17B68EDD004AC762 /* Oshieru-Info.plist */ = {isa = PBXFileReference; lastKnownFileType = text.plist.xml; path = "Oshieru-Info.plist"; sourceTree = "<group>"; };
		98043F2F17B68EDD004AC762 /* en */ = {isa = PBXFileReference; lastKnownFileType = text.plist.strings; name = en; path = en.lproj/InfoPlist.strings; sourceTree = "<group>"; };
		98043F3117B68EDD004AC762 /* main.m */ = {isa = PBXFileReference; lastKnownFileType = sourcecode.c.objc; path = main.m; sourceTree = "<group>"; };
		98043F3317B68EDD004AC762 /* Oshieru-Prefix.pch */ = {isa = PBXFileReference; lastKnownFileType = sourcecode.c.h; path = "Oshieru-Prefix.pch"; sourceTree = "<group>"; };
		98043F3417B68EDD004AC762 /* AppDelegate.h */ = {isa = PBXFileReference; lastKnownFileType = sourcecode.c.h; path = AppDelegate.h; sourceTree = "<group>"; };
		98043F3517B68EDD004AC762 /* AppDelegate.m */ = {isa = PBXFileReference; lastKnownFileType = sourcecode.c.objc; path = AppDelegate.m; sourceTree = "<group>"; };
		98043F3B17B68EDD004AC762 /* Default-568h@2x.png */ = {isa = PBXFileReference; lastKnownFileType = image.png; path = "Default-568h@2x.png"; sourceTree = "<group>"; };
		98043F3D17B68EDD004AC762 /* MainMenuViewController.h */ = {isa = PBXFileReference; lastKnownFileType = sourcecode.c.h; path = MainMenuViewController.h; sourceTree = "<group>"; };
		98043F3E17B68EDD004AC762 /* MainMenuViewController.m */ = {isa = PBXFileReference; lastKnownFileType = sourcecode.c.objc; path = MainMenuViewController.m; sourceTree = "<group>"; };
		98043F4117B68EDD004AC762 /* en */ = {isa = PBXFileReference; lastKnownFileType = file.xib; name = en; path = en.lproj/MainMenuViewController.xib; sourceTree = "<group>"; };
		98043F5F17B7E0DC004AC762 /* CharacterMenuViewController.h */ = {isa = PBXFileReference; fileEncoding = 4; lastKnownFileType = sourcecode.c.h; path = CharacterMenuViewController.h; sourceTree = "<group>"; };
		98043F6017B7E0DC004AC762 /* CharacterMenuViewController.m */ = {isa = PBXFileReference; fileEncoding = 4; lastKnownFileType = sourcecode.c.objc; path = CharacterMenuViewController.m; sourceTree = "<group>"; };
		98043F6117B7E0DC004AC762 /* CharacterMenuViewController.xib */ = {isa = PBXFileReference; fileEncoding = 4; lastKnownFileType = file.xib; path = CharacterMenuViewController.xib; sourceTree = "<group>"; };
		98043F6717B7E229004AC762 /* KanaListViewController.h */ = {isa = PBXFileReference; fileEncoding = 4; lastKnownFileType = sourcecode.c.h; path = KanaListViewController.h; sourceTree = "<group>"; };
		98043F6817B7E229004AC762 /* KanaListViewController.m */ = {isa = PBXFileReference; fileEncoding = 4; lastKnownFileType = sourcecode.c.objc; path = KanaListViewController.m; sourceTree = "<group>"; };
		98043F6917B7E229004AC762 /* KanaListViewController.xib */ = {isa = PBXFileReference; fileEncoding = 4; lastKnownFileType = file.xib; path = KanaListViewController.xib; sourceTree = "<group>"; };
		98043F6C17B7E234004AC762 /* KanaQuizzerViewController.h */ = {isa = PBXFileReference; fileEncoding = 4; lastKnownFileType = sourcecode.c.h; path = KanaQuizzerViewController.h; sourceTree = "<group>"; };
		98043F6D17B7E234004AC762 /* KanaQuizzerViewController.m */ = {isa = PBXFileReference; fileEncoding = 4; lastKnownFileType = sourcecode.c.objc; path = KanaQuizzerViewController.m; sourceTree = "<group>"; };
		98043F6E17B7E234004AC762 /* KanaQuizzerViewController.xib */ = {isa = PBXFileReference; fileEncoding = 4; lastKnownFileType = file.xib; path = KanaQuizzerViewController.xib; sourceTree = "<group>"; };
		98043F7117B7E273004AC762 /* KanaViewerViewController.h */ = {isa = PBXFileReference; fileEncoding = 4; lastKnownFileType = sourcecode.c.h; path = KanaViewerViewController.h; sourceTree = "<group>"; };
		98043F7217B7E273004AC762 /* KanaViewerViewController.m */ = {isa = PBXFileReference; fileEncoding = 4; lastKnownFileType = sourcecode.c.objc; path = KanaViewerViewController.m; sourceTree = "<group>"; };
		98043F7317B7E273004AC762 /* KanaViewerViewController.xib */ = {isa = PBXFileReference; fileEncoding = 4; lastKnownFileType = file.xib; path = KanaViewerViewController.xib; sourceTree = "<group>"; };
		98043F7617B7E3FF004AC762 /* gramSelect_top_gutter.png */ = {isa = PBXFileReference; lastKnownFileType = image.png; name = gramSelect_top_gutter.png; path = ../../../MUX/testApp/testApp/gramSelect_top_gutter.png; sourceTree = "<group>"; };
		98043F7717B7E3FF004AC762 /* gramSelect_bottom_gutter.png */ = {isa = PBXFileReference; lastKnownFileType = image.png; name = gramSelect_bottom_gutter.png; path = ../../../MUX/testApp/testApp/gramSelect_bottom_gutter.png; sourceTree = "<group>"; };
		98043F7817B7E3FF004AC762 /* sentenceButton_highlighted.png */ = {isa = PBXFileReference; lastKnownFileType = image.png; name = sentenceButton_highlighted.png; path = ../../../MUX/testApp/testApp/sentenceButton_highlighted.png; sourceTree = "<group>"; };
		98043F7917B7E3FF004AC762 /* sentenceButton.png */ = {isa = PBXFileReference; lastKnownFileType = image.png; name = sentenceButton.png; path = ../../../MUX/testApp/testApp/sentenceButton.png; sourceTree = "<group>"; };
		98043F7A17B7E3FF004AC762 /* adjButton_highlighted.png */ = {isa = PBXFileReference; lastKnownFileType = image.png; name = adjButton_highlighted.png; path = ../../../MUX/testApp/testApp/adjButton_highlighted.png; sourceTree = "<group>"; };
		98043F7B17B7E3FF004AC762 /* adjButton.png */ = {isa = PBXFileReference; lastKnownFileType = image.png; name = adjButton.png; path = ../../../MUX/testApp/testApp/adjButton.png; sourceTree = "<group>"; };
		98043F7C17B7E3FF004AC762 /* verbConjButton_highlighted.png */ = {isa = PBXFileReference; lastKnownFileType = image.png; name = verbConjButton_highlighted.png; path = ../../../MUX/testApp/testApp/verbConjButton_highlighted.png; sourceTree = "<group>"; };
		98043F7D17B7E3FF004AC762 /* verbConjButton.png */ = {isa = PBXFileReference; lastKnownFileType = image.png; name = verbConjButton.png; path = ../../../MUX/testApp/testApp/verbConjButton.png; sourceTree = "<group>"; };
		98043F7E17B7E3FF004AC762 /* charPage_top_gutter.png */ = {isa = PBXFileReference; lastKnownFileType = image.png; name = charPage_top_gutter.png; path = ../../../MUX/testApp/testApp/charPage_top_gutter.png; sourceTree = "<group>"; };
		98043F7F17B7E3FF004AC762 /* pink_bottom_gutter.png */ = {isa = PBXFileReference; lastKnownFileType = image.png; name = pink_bottom_gutter.png; path = ../../../MUX/testApp/testApp/pink_bottom_gutter.png; sourceTree = "<group>"; };
		98043F8017B7E3FF004AC762 /* kanjiButton_highlighted.png */ = {isa = PBXFileReference; lastKnownFileType = image.png; name = kanjiButton_highlighted.png; path = ../../../MUX/testApp/testApp/kanjiButton_highlighted.png; sourceTree = "<group>"; };
		98043F8117B7E3FF004AC762 /* kanjiButton.png */ = {isa = PBXFileReference; lastKnownFileType = image.png; name = kanjiButton.png; path = ../../../MUX/testApp/testApp/kanjiButton.png; sourceTree = "<group>"; };
		98043F8217B7E3FF004AC762 /* katakanaButton_highlighted.png */ = {isa = PBXFileReference; lastKnownFileType = image.png; name = katakanaButton_highlighted.png; path = ../../../MUX/testApp/testApp/katakanaButton_highlighted.png; sourceTree = "<group>"; };
		98043F8317B7E3FF004AC762 /* katakanaButton.png */ = {isa = PBXFileReference; lastKnownFileType = image.png; name = katakanaButton.png; path = ../../../MUX/testApp/testApp/katakanaButton.png; sourceTree = "<group>"; };
		98043F8417B7E3FF004AC762 /* hiraganaButton_highlighted.png */ = {isa = PBXFileReference; lastKnownFileType = image.png; name = hiraganaButton_highlighted.png; path = ../../../MUX/testApp/testApp/hiraganaButton_highlighted.png; sourceTree = "<group>"; };
		98043F8517B7E3FF004AC762 /* hiraganaButton.png */ = {isa = PBXFileReference; lastKnownFileType = image.png; name = hiraganaButton.png; path = ../../../MUX/testApp/testApp/hiraganaButton.png; sourceTree = "<group>"; };
		98043F8617B7E3FF004AC762 /* top_gutter.png */ = {isa = PBXFileReference; lastKnownFileType = image.png; name = top_gutter.png; path = ../../../MUX/testApp/testApp/top_gutter.png; sourceTree = "<group>"; };
		98043F8717B7E3FF004AC762 /* bottom_gutter.png */ = {isa = PBXFileReference; lastKnownFileType = image.png; name = bottom_gutter.png; path = ../../../MUX/testApp/testApp/bottom_gutter.png; sourceTree = "<group>"; };
		98043F8817B7E3FF004AC762 /* vocabButton_hilighted.png */ = {isa = PBXFileReference; lastKnownFileType = image.png; name = vocabButton_hilighted.png; path = ../../../MUX/testApp/testApp/vocabButton_hilighted.png; sourceTree = "<group>"; };
		98043F8917B7E3FF004AC762 /* vocabButton.png */ = {isa = PBXFileReference; lastKnownFileType = image.png; name = vocabButton.png; path = ../../../MUX/testApp/testApp/vocabButton.png; sourceTree = "<group>"; };
		98043F8A17B7E3FF004AC762 /* gramButton_highlighted.png */ = {isa = PBXFileReference; lastKnownFileType = image.png; name = gramButton_highlighted.png; path = ../../../MUX/testApp/testApp/gramButton_highlighted.png; sourceTree = "<group>"; };
		98043F8B17B7E3FF004AC762 /* gramButton.png */ = {isa = PBXFileReference; lastKnownFileType = image.png; name = gramButton.png; path = ../../../MUX/testApp/testApp/gramButton.png; sourceTree = "<group>"; };
		98043F8C17B7E3FF004AC762 /* charButton_highlighted.png */ = {isa = PBXFileReference; lastKnownFileType = image.png; name = charButton_highlighted.png; path = ../../../MUX/testApp/testApp/charButton_highlighted.png; sourceTree = "<group>"; };
		98043F8D17B7E3FF004AC762 /* charButton.png */ = {isa = PBXFileReference; lastKnownFileType = image.png; name = charButton.png; path = ../../../MUX/testApp/testApp/charButton.png; sourceTree = "<group>"; };
		98043FA717B7E47A004AC762 /* vocabselect_top_gutter.png */ = {isa = PBXFileReference; lastKnownFileType = image.png; name = vocabselect_top_gutter.png; path = ../../../MUX/testApp/testApp/vocabselect_top_gutter.png; sourceTree = "<group>"; };
		98043FA817B7E47A004AC762 /* vocabselect_bottom_gutter.png */ = {isa = PBXFileReference; lastKnownFileType = image.png; name = vocabselect_bottom_gutter.png; path = ../../../MUX/testApp/testApp/vocabselect_bottom_gutter.png; sourceTree = "<group>"; };
		98043FAB17B7E63C004AC762 /* GrammarMenuViewController.h */ = {isa = PBXFileReference; fileEncoding = 4; lastKnownFileType = sourcecode.c.h; path = GrammarMenuViewController.h; sourceTree = "<group>"; };
		98043FAC17B7E63C004AC762 /* GrammarMenuViewController.m */ = {isa = PBXFileReference; fileEncoding = 4; lastKnownFileType = sourcecode.c.objc; path = GrammarMenuViewController.m; sourceTree = "<group>"; };
		98043FAD17B7E63C004AC762 /* GrammarMenuViewController.xib */ = {isa = PBXFileReference; fileEncoding = 4; lastKnownFileType = file.xib; path = GrammarMenuViewController.xib; sourceTree = "<group>"; };
		98043FB017B7E6E4004AC762 /* VocabSetViewController.h */ = {isa = PBXFileReference; fileEncoding = 4; lastKnownFileType = sourcecode.c.h; path = VocabSetViewController.h; sourceTree = "<group>"; };
		98043FB117B7E6E4004AC762 /* VocabSetViewController.m */ = {isa = PBXFileReference; fileEncoding = 4; lastKnownFileType = sourcecode.c.objc; path = VocabSetViewController.m; sourceTree = "<group>"; };
		98043FB217B7E6E4004AC762 /* VocabSetViewController.xib */ = {isa = PBXFileReference; fileEncoding = 4; lastKnownFileType = file.xib; path = VocabSetViewController.xib; sourceTree = "<group>"; };
		98043FB617B7E73E004AC762 /* VocabViewerViewController.h */ = {isa = PBXFileReference; fileEncoding = 4; lastKnownFileType = sourcecode.c.h; path = VocabViewerViewController.h; sourceTree = "<group>"; };
		98043FB717B7E73E004AC762 /* VocabViewerViewController.m */ = {isa = PBXFileReference; fileEncoding = 4; lastKnownFileType = sourcecode.c.objc; path = VocabViewerViewController.m; sourceTree = "<group>"; };
		98043FB817B7E73E004AC762 /* VocabViewerViewController.xib */ = {isa = PBXFileReference; fileEncoding = 4; lastKnownFileType = file.xib; path = VocabViewerViewController.xib; sourceTree = "<group>"; };
		98043FBB17B8BB34004AC762 /* SentenceQuizzerViewController.h */ = {isa = PBXFileReference; fileEncoding = 4; lastKnownFileType = sourcecode.c.h; path = SentenceQuizzerViewController.h; sourceTree = "<group>"; };
		98043FBC17B8BB34004AC762 /* SentenceQuizzerViewController.m */ = {isa = PBXFileReference; fileEncoding = 4; lastKnownFileType = sourcecode.c.objc; path = SentenceQuizzerViewController.m; sourceTree = "<group>"; };
		98043FBD17B8BB34004AC762 /* SentenceQuizzerViewController.xib */ = {isa = PBXFileReference; fileEncoding = 4; lastKnownFileType = file.xib; path = SentenceQuizzerViewController.xib; sourceTree = "<group>"; };
		98043FC017B8BB66004AC762 /* AdjConjSifterViewController.h */ = {isa = PBXFileReference; fileEncoding = 4; lastKnownFileType = sourcecode.c.h; path = AdjConjSifterViewController.h; sourceTree = "<group>"; };
		98043FC117B8BB66004AC762 /* AdjConjSifterViewController.m */ = {isa = PBXFileReference; fileEncoding = 4; lastKnownFileType = sourcecode.c.objc; path = AdjConjSifterViewController.m; sourceTree = "<group>"; };
		98043FC217B8BB66004AC762 /* AdjConjSifterViewController.xib */ = {isa = PBXFileReference; fileEncoding = 4; lastKnownFileType = file.xib; path = AdjConjSifterViewController.xib; sourceTree = "<group>"; };
		98043FC517B8BB99004AC762 /* VerbConjSifterViewController.h */ = {isa = PBXFileReference; fileEncoding = 4; lastKnownFileType = sourcecode.c.h; path = VerbConjSifterViewController.h; sourceTree = "<group>"; };
		98043FC617B8BB99004AC762 /* VerbConjSifterViewController.m */ = {isa = PBXFileReference; fileEncoding = 4; lastKnownFileType = sourcecode.c.objc; path = VerbConjSifterViewController.m; sourceTree = "<group>"; };
		98043FC717B8BB99004AC762 /* VerbConjSifterViewController.xib */ = {isa = PBXFileReference; fileEncoding = 4; lastKnownFileType = file.xib; path = VerbConjSifterViewController.xib; sourceTree = "<group>"; };
		98043FCA17B8BFA0004AC762 /* KanjiListViewController.h */ = {isa = PBXFileReference; fileEncoding = 4; lastKnownFileType = sourcecode.c.h; path = KanjiListViewController.h; sourceTree = "<group>"; };
		98043FCB17B8BFA0004AC762 /* KanjiListViewController.m */ = {isa = PBXFileReference; fileEncoding = 4; lastKnownFileType = sourcecode.c.objc; path = KanjiListViewController.m; sourceTree = "<group>"; };
		98043FCC17B8BFA0004AC762 /* KanjiListViewController.xib */ = {isa = PBXFileReference; fileEncoding = 4; lastKnownFileType = file.xib; path = KanjiListViewController.xib; sourceTree = "<group>"; };
		98043FCF17B8BFAD004AC762 /* KanjiViewerViewController.h */ = {isa = PBXFileReference; fileEncoding = 4; lastKnownFileType = sourcecode.c.h; path = KanjiViewerViewController.h; sourceTree = "<group>"; };
		98043FD017B8BFAD004AC762 /* KanjiViewerViewController.m */ = {isa = PBXFileReference; fileEncoding = 4; lastKnownFileType = sourcecode.c.objc; path = KanjiViewerViewController.m; sourceTree = "<group>"; };
		98043FD117B8BFAD004AC762 /* KanjiViewerViewController.xib */ = {isa = PBXFileReference; fileEncoding = 4; lastKnownFileType = file.xib; path = KanjiViewerViewController.xib; sourceTree = "<group>"; };
		98043FDA17B92471004AC762 /* hiragana.json */ = {isa = PBXFileReference; fileEncoding = 4; lastKnownFileType = text.json; path = hiragana.json; sourceTree = "<group>"; };
		98043FDC17B9280E004AC762 /* katakana.json */ = {isa = PBXFileReference; fileEncoding = 4; lastKnownFileType = text.json; path = katakana.json; sourceTree = "<group>"; };
		98043FE017B92B3A004AC762 /* CharacterDataController.h */ = {isa = PBXFileReference; fileEncoding = 4; lastKnownFileType = sourcecode.c.h; path = CharacterDataController.h; sourceTree = "<group>"; };
		98043FE117B92B3A004AC762 /* CharacterDataController.m */ = {isa = PBXFileReference; fileEncoding = 4; lastKnownFileType = sourcecode.c.objc; path = CharacterDataController.m; sourceTree = "<group>"; };
		98043FE517B947DD004AC762 /* hira_n_stroke.png */ = {isa = PBXFileReference; lastKnownFileType = image.png; path = hira_n_stroke.png; sourceTree = "<group>"; };
		98043FE617B947DD004AC762 /* hira_wo_stroke.png */ = {isa = PBXFileReference; lastKnownFileType = image.png; path = hira_wo_stroke.png; sourceTree = "<group>"; };
		98043FE717B947DD004AC762 /* hira_we_stroke.png */ = {isa = PBXFileReference; lastKnownFileType = image.png; path = hira_we_stroke.png; sourceTree = "<group>"; };
		98043FE817B947DD004AC762 /* hira_wi_stroke.png */ = {isa = PBXFileReference; lastKnownFileType = image.png; path = hira_wi_stroke.png; sourceTree = "<group>"; };
		98043FE917B947DD004AC762 /* hira_wa_stroke.png */ = {isa = PBXFileReference; lastKnownFileType = image.png; path = hira_wa_stroke.png; sourceTree = "<group>"; };
		98043FEA17B947DD004AC762 /* hira_ro_stroke.png */ = {isa = PBXFileReference; lastKnownFileType = image.png; path = hira_ro_stroke.png; sourceTree = "<group>"; };
		98043FEB17B947DD004AC762 /* hira_re_stroke.png */ = {isa = PBXFileReference; lastKnownFileType = image.png; path = hira_re_stroke.png; sourceTree = "<group>"; };
		98043FEC17B947DD004AC762 /* hira_ru_stroke.png */ = {isa = PBXFileReference; lastKnownFileType = image.png; path = hira_ru_stroke.png; sourceTree = "<group>"; };
		98043FED17B947DD004AC762 /* hira_ri_stroke.png */ = {isa = PBXFileReference; lastKnownFileType = image.png; path = hira_ri_stroke.png; sourceTree = "<group>"; };
		98043FEE17B947DD004AC762 /* hira_ra_stroke.png */ = {isa = PBXFileReference; lastKnownFileType = image.png; path = hira_ra_stroke.png; sourceTree = "<group>"; };
		98043FEF17B947DD004AC762 /* hira_yo_stroke.png */ = {isa = PBXFileReference; lastKnownFileType = image.png; path = hira_yo_stroke.png; sourceTree = "<group>"; };
		98043FF017B947DD004AC762 /* hira_yu_stroke.png */ = {isa = PBXFileReference; lastKnownFileType = image.png; path = hira_yu_stroke.png; sourceTree = "<group>"; };
		98043FF117B947DD004AC762 /* hira_ya_stroke.png */ = {isa = PBXFileReference; lastKnownFileType = image.png; path = hira_ya_stroke.png; sourceTree = "<group>"; };
		98043FF217B947DD004AC762 /* hira_mo_stroke.png */ = {isa = PBXFileReference; lastKnownFileType = image.png; path = hira_mo_stroke.png; sourceTree = "<group>"; };
		98043FF317B947DD004AC762 /* hira_me_stroke.png */ = {isa = PBXFileReference; lastKnownFileType = image.png; path = hira_me_stroke.png; sourceTree = "<group>"; };
		98043FF417B947DD004AC762 /* hira_mu_stroke.png */ = {isa = PBXFileReference; lastKnownFileType = image.png; path = hira_mu_stroke.png; sourceTree = "<group>"; };
		98043FF517B947DD004AC762 /* hira_mi_stroke.png */ = {isa = PBXFileReference; lastKnownFileType = image.png; path = hira_mi_stroke.png; sourceTree = "<group>"; };
		98043FF617B947DD004AC762 /* hira_ma_stroke.png */ = {isa = PBXFileReference; lastKnownFileType = image.png; path = hira_ma_stroke.png; sourceTree = "<group>"; };
		98043FF717B947DD004AC762 /* hira_ho_stroke.png */ = {isa = PBXFileReference; lastKnownFileType = image.png; path = hira_ho_stroke.png; sourceTree = "<group>"; };
		98043FF817B947DD004AC762 /* hira_he_stroke.png */ = {isa = PBXFileReference; lastKnownFileType = image.png; path = hira_he_stroke.png; sourceTree = "<group>"; };
		98043FF917B947DD004AC762 /* hira_fu_stroke.png */ = {isa = PBXFileReference; lastKnownFileType = image.png; path = hira_fu_stroke.png; sourceTree = "<group>"; };
		98043FFA17B947DD004AC762 /* hira_hi_stroke.png */ = {isa = PBXFileReference; lastKnownFileType = image.png; path = hira_hi_stroke.png; sourceTree = "<group>"; };
		98043FFB17B947DD004AC762 /* hira_ha_stroke.png */ = {isa = PBXFileReference; lastKnownFileType = image.png; path = hira_ha_stroke.png; sourceTree = "<group>"; };
		98043FFC17B947DD004AC762 /* hira_no_stroke.png */ = {isa = PBXFileReference; lastKnownFileType = image.png; path = hira_no_stroke.png; sourceTree = "<group>"; };
		98043FFD17B947DD004AC762 /* hira_ne_stroke.png */ = {isa = PBXFileReference; lastKnownFileType = image.png; path = hira_ne_stroke.png; sourceTree = "<group>"; };
		98043FFE17B947DD004AC762 /* hira_nu_stroke.png */ = {isa = PBXFileReference; lastKnownFileType = image.png; path = hira_nu_stroke.png; sourceTree = "<group>"; };
		98043FFF17B947DD004AC762 /* hira_ni_stroke.png */ = {isa = PBXFileReference; lastKnownFileType = image.png; path = hira_ni_stroke.png; sourceTree = "<group>"; };
		9804400017B947DD004AC762 /* hira_na_stroke.png */ = {isa = PBXFileReference; lastKnownFileType = image.png; path = hira_na_stroke.png; sourceTree = "<group>"; };
		9804400117B947DD004AC762 /* hira_to_stroke.png */ = {isa = PBXFileReference; lastKnownFileType = image.png; path = hira_to_stroke.png; sourceTree = "<group>"; };
		9804400217B947DD004AC762 /* hira_te_stroke.png */ = {isa = PBXFileReference; lastKnownFileType = image.png; path = hira_te_stroke.png; sourceTree = "<group>"; };
		9804400317B947DD004AC762 /* hira_tsu_stroke.png */ = {isa = PBXFileReference; lastKnownFileType = image.png; path = hira_tsu_stroke.png; sourceTree = "<group>"; };
		9804400417B947DD004AC762 /* hira_chi_stroke.png */ = {isa = PBXFileReference; lastKnownFileType = image.png; path = hira_chi_stroke.png; sourceTree = "<group>"; };
		9804400517B947DD004AC762 /* hira_ta_stroke.png */ = {isa = PBXFileReference; lastKnownFileType = image.png; path = hira_ta_stroke.png; sourceTree = "<group>"; };
		9804400617B947DD004AC762 /* hira_so_stroke.png */ = {isa = PBXFileReference; lastKnownFileType = image.png; path = hira_so_stroke.png; sourceTree = "<group>"; };
		9804400717B947DD004AC762 /* hira_se_stroke.png */ = {isa = PBXFileReference; lastKnownFileType = image.png; path = hira_se_stroke.png; sourceTree = "<group>"; };
		9804400817B947DD004AC762 /* hira_su_stroke.png */ = {isa = PBXFileReference; lastKnownFileType = image.png; path = hira_su_stroke.png; sourceTree = "<group>"; };
		9804400917B947DD004AC762 /* hira_shi_stroke.png */ = {isa = PBXFileReference; lastKnownFileType = image.png; path = hira_shi_stroke.png; sourceTree = "<group>"; };
		9804400A17B947DD004AC762 /* hira_sa_stroke.png */ = {isa = PBXFileReference; lastKnownFileType = image.png; path = hira_sa_stroke.png; sourceTree = "<group>"; };
		9804400B17B947DD004AC762 /* hira_ko_stroke.png */ = {isa = PBXFileReference; lastKnownFileType = image.png; path = hira_ko_stroke.png; sourceTree = "<group>"; };
		9804400C17B947DD004AC762 /* hira_ke_stroke.png */ = {isa = PBXFileReference; lastKnownFileType = image.png; path = hira_ke_stroke.png; sourceTree = "<group>"; };
		9804400D17B947DD004AC762 /* hira_ku_stroke.png */ = {isa = PBXFileReference; lastKnownFileType = image.png; path = hira_ku_stroke.png; sourceTree = "<group>"; };
		9804400E17B947DD004AC762 /* hira_ki_stroke.png */ = {isa = PBXFileReference; lastKnownFileType = image.png; path = hira_ki_stroke.png; sourceTree = "<group>"; };
		9804400F17B947DD004AC762 /* hira_ka_stroke.png */ = {isa = PBXFileReference; lastKnownFileType = image.png; path = hira_ka_stroke.png; sourceTree = "<group>"; };
		9804401017B947DD004AC762 /* hira_o_stroke.png */ = {isa = PBXFileReference; lastKnownFileType = image.png; path = hira_o_stroke.png; sourceTree = "<group>"; };
		9804401117B947DD004AC762 /* hira_e_stroke.png */ = {isa = PBXFileReference; lastKnownFileType = image.png; path = hira_e_stroke.png; sourceTree = "<group>"; };
		9804401217B947DD004AC762 /* hira_u_stroke.png */ = {isa = PBXFileReference; lastKnownFileType = image.png; path = hira_u_stroke.png; sourceTree = "<group>"; };
		9804401317B947DD004AC762 /* hira_i_stroke.png */ = {isa = PBXFileReference; lastKnownFileType = image.png; path = hira_i_stroke.png; sourceTree = "<group>"; };
		9804401417B947DD004AC762 /* hira_a_stroke.png */ = {isa = PBXFileReference; lastKnownFileType = image.png; path = hira_a_stroke.png; sourceTree = "<group>"; };
		9804404517B947F8004AC762 /* kata_n_stroke.png */ = {isa = PBXFileReference; lastKnownFileType = image.png; path = kata_n_stroke.png; sourceTree = "<group>"; };
		9804404617B947F8004AC762 /* kata_wo_stroke.png */ = {isa = PBXFileReference; lastKnownFileType = image.png; path = kata_wo_stroke.png; sourceTree = "<group>"; };
		9804404717B947F8004AC762 /* kata_we_stroke.png */ = {isa = PBXFileReference; lastKnownFileType = image.png; path = kata_we_stroke.png; sourceTree = "<group>"; };
		9804404817B947F8004AC762 /* kata_wi_stroke.png */ = {isa = PBXFileReference; lastKnownFileType = image.png; path = kata_wi_stroke.png; sourceTree = "<group>"; };
		9804404917B947F8004AC762 /* kata_wa_stroke.png */ = {isa = PBXFileReference; lastKnownFileType = image.png; path = kata_wa_stroke.png; sourceTree = "<group>"; };
		9804404A17B947F8004AC762 /* kata_ro_stroke.png */ = {isa = PBXFileReference; lastKnownFileType = image.png; path = kata_ro_stroke.png; sourceTree = "<group>"; };
		9804404B17B947F8004AC762 /* kata_re_stroke.png */ = {isa = PBXFileReference; lastKnownFileType = image.png; path = kata_re_stroke.png; sourceTree = "<group>"; };
		9804404C17B947F8004AC762 /* kata_ru_stroke.png */ = {isa = PBXFileReference; lastKnownFileType = image.png; path = kata_ru_stroke.png; sourceTree = "<group>"; };
		9804404D17B947F8004AC762 /* kata_ri_stroke.png */ = {isa = PBXFileReference; lastKnownFileType = image.png; path = kata_ri_stroke.png; sourceTree = "<group>"; };
		9804404E17B947F8004AC762 /* kata_ra_stroke.png */ = {isa = PBXFileReference; lastKnownFileType = image.png; path = kata_ra_stroke.png; sourceTree = "<group>"; };
		9804404F17B947F8004AC762 /* kata_yo_stroke.png */ = {isa = PBXFileReference; lastKnownFileType = image.png; path = kata_yo_stroke.png; sourceTree = "<group>"; };
		9804405017B947F8004AC762 /* kata_yu_stroke.png */ = {isa = PBXFileReference; lastKnownFileType = image.png; path = kata_yu_stroke.png; sourceTree = "<group>"; };
		9804405117B947F8004AC762 /* kata_ya_stroke.png */ = {isa = PBXFileReference; lastKnownFileType = image.png; path = kata_ya_stroke.png; sourceTree = "<group>"; };
		9804405217B947F8004AC762 /* kata_mo_stroke.png */ = {isa = PBXFileReference; lastKnownFileType = image.png; path = kata_mo_stroke.png; sourceTree = "<group>"; };
		9804405317B947F8004AC762 /* kata_me_stroke.png */ = {isa = PBXFileReference; lastKnownFileType = image.png; path = kata_me_stroke.png; sourceTree = "<group>"; };
		9804405417B947F8004AC762 /* kata_mu_stroke.png */ = {isa = PBXFileReference; lastKnownFileType = image.png; path = kata_mu_stroke.png; sourceTree = "<group>"; };
		9804405517B947F8004AC762 /* kata_mi_stroke.png */ = {isa = PBXFileReference; lastKnownFileType = image.png; path = kata_mi_stroke.png; sourceTree = "<group>"; };
		9804405617B947F8004AC762 /* kata_ma_stroke.png */ = {isa = PBXFileReference; lastKnownFileType = image.png; path = kata_ma_stroke.png; sourceTree = "<group>"; };
		9804405717B947F8004AC762 /* kata_ho_stroke.png */ = {isa = PBXFileReference; lastKnownFileType = image.png; path = kata_ho_stroke.png; sourceTree = "<group>"; };
		9804405817B947F8004AC762 /* kata_he_stroke.png */ = {isa = PBXFileReference; lastKnownFileType = image.png; path = kata_he_stroke.png; sourceTree = "<group>"; };
		9804405917B947F8004AC762 /* kata_fu_stroke.png */ = {isa = PBXFileReference; lastKnownFileType = image.png; path = kata_fu_stroke.png; sourceTree = "<group>"; };
		9804405A17B947F8004AC762 /* kata_hi_stroke.png */ = {isa = PBXFileReference; lastKnownFileType = image.png; path = kata_hi_stroke.png; sourceTree = "<group>"; };
		9804405B17B947F8004AC762 /* kata_ha_stroke.png */ = {isa = PBXFileReference; lastKnownFileType = image.png; path = kata_ha_stroke.png; sourceTree = "<group>"; };
		9804405C17B947F8004AC762 /* kata_no_stroke.png */ = {isa = PBXFileReference; lastKnownFileType = image.png; path = kata_no_stroke.png; sourceTree = "<group>"; };
		9804405D17B947F8004AC762 /* kata_ne_stroke.png */ = {isa = PBXFileReference; lastKnownFileType = image.png; path = kata_ne_stroke.png; sourceTree = "<group>"; };
		9804405E17B947F8004AC762 /* kata_nu_stroke.png */ = {isa = PBXFileReference; lastKnownFileType = image.png; path = kata_nu_stroke.png; sourceTree = "<group>"; };
		9804405F17B947F8004AC762 /* kata_ni_stroke.png */ = {isa = PBXFileReference; lastKnownFileType = image.png; path = kata_ni_stroke.png; sourceTree = "<group>"; };
		9804406017B947F8004AC762 /* kata_na_stroke.png */ = {isa = PBXFileReference; lastKnownFileType = image.png; path = kata_na_stroke.png; sourceTree = "<group>"; };
		9804406117B947F8004AC762 /* kata_to_stroke.png */ = {isa = PBXFileReference; lastKnownFileType = image.png; path = kata_to_stroke.png; sourceTree = "<group>"; };
		9804406217B947F8004AC762 /* kata_te_stroke.png */ = {isa = PBXFileReference; lastKnownFileType = image.png; path = kata_te_stroke.png; sourceTree = "<group>"; };
		9804406317B947F8004AC762 /* kata_tsu_stroke.png */ = {isa = PBXFileReference; lastKnownFileType = image.png; path = kata_tsu_stroke.png; sourceTree = "<group>"; };
		9804406417B947F8004AC762 /* kata_chi_stroke.png */ = {isa = PBXFileReference; lastKnownFileType = image.png; path = kata_chi_stroke.png; sourceTree = "<group>"; };
		9804406517B947F8004AC762 /* kata_ta_stroke.png */ = {isa = PBXFileReference; lastKnownFileType = image.png; path = kata_ta_stroke.png; sourceTree = "<group>"; };
		9804406617B947F8004AC762 /* kata_so_stroke.png */ = {isa = PBXFileReference; lastKnownFileType = image.png; path = kata_so_stroke.png; sourceTree = "<group>"; };
		9804406717B947F8004AC762 /* kata_se_stroke.png */ = {isa = PBXFileReference; lastKnownFileType = image.png; path = kata_se_stroke.png; sourceTree = "<group>"; };
		9804406817B947F8004AC762 /* kata_su_stroke.png */ = {isa = PBXFileReference; lastKnownFileType = image.png; path = kata_su_stroke.png; sourceTree = "<group>"; };
		9804406917B947F8004AC762 /* kata_shi_stroke.png */ = {isa = PBXFileReference; lastKnownFileType = image.png; path = kata_shi_stroke.png; sourceTree = "<group>"; };
		9804406A17B947F8004AC762 /* kata_sa_stroke.png */ = {isa = PBXFileReference; lastKnownFileType = image.png; path = kata_sa_stroke.png; sourceTree = "<group>"; };
		9804406B17B947F8004AC762 /* kata_ko_stroke.png */ = {isa = PBXFileReference; lastKnownFileType = image.png; path = kata_ko_stroke.png; sourceTree = "<group>"; };
		9804406C17B947F8004AC762 /* kata_ke_stroke.png */ = {isa = PBXFileReference; lastKnownFileType = image.png; path = kata_ke_stroke.png; sourceTree = "<group>"; };
		9804406D17B947F8004AC762 /* kata_ku_stroke.png */ = {isa = PBXFileReference; lastKnownFileType = image.png; path = kata_ku_stroke.png; sourceTree = "<group>"; };
		9804406E17B947F8004AC762 /* kata_ki_stroke.png */ = {isa = PBXFileReference; lastKnownFileType = image.png; path = kata_ki_stroke.png; sourceTree = "<group>"; };
		9804406F17B947F8004AC762 /* kata_ka_stroke.png */ = {isa = PBXFileReference; lastKnownFileType = image.png; path = kata_ka_stroke.png; sourceTree = "<group>"; };
		9804407017B947F8004AC762 /* kata_o_stroke.png */ = {isa = PBXFileReference; lastKnownFileType = image.png; path = kata_o_stroke.png; sourceTree = "<group>"; };
		9804407117B947F8004AC762 /* kata_e_stroke.png */ = {isa = PBXFileReference; lastKnownFileType = image.png; path = kata_e_stroke.png; sourceTree = "<group>"; };
		9804407217B947F8004AC762 /* kata_u_stroke.png */ = {isa = PBXFileReference; lastKnownFileType = image.png; path = kata_u_stroke.png; sourceTree = "<group>"; };
		9804407317B947F8004AC762 /* kata_i_stroke.png */ = {isa = PBXFileReference; lastKnownFileType = image.png; path = kata_i_stroke.png; sourceTree = "<group>"; };
		9804407417B947F8004AC762 /* kata_a_stroke.png */ = {isa = PBXFileReference; lastKnownFileType = image.png; path = kata_a_stroke.png; sourceTree = "<group>"; };
		980440A517BA3ED6004AC762 /* quizIcon.png */ = {isa = PBXFileReference; lastKnownFileType = image.png; name = quizIcon.png; path = ../../../MUX/testApp/testApp/quizIcon.png; sourceTree = "<group>"; };
		980440A617BA3ED7004AC762 /* listIcon.png */ = {isa = PBXFileReference; lastKnownFileType = image.png; name = listIcon.png; path = ../../../MUX/testApp/testApp/listIcon.png; sourceTree = "<group>"; };
		98834FA417BDBCDE00DF9A81 /* Default@2x.png */ = {isa = PBXFileReference; lastKnownFileType = image.png; path = "Default@2x.png"; sourceTree = "<group>"; };
		98834FA617BDBCE600DF9A81 /* Default.png */ = {isa = PBXFileReference; lastKnownFileType = image.png; path = Default.png; sourceTree = "<group>"; };
		98F5C18B17BBBE2E00833E26 /* QuizController.h */ = {isa = PBXFileReference; fileEncoding = 4; lastKnownFileType = sourcecode.c.h; path = QuizController.h; sourceTree = "<group>"; };
		98F5C18C17BBBE2E00833E26 /* QuizController.m */ = {isa = PBXFileReference; fileEncoding = 4; lastKnownFileType = sourcecode.c.objc; path = QuizController.m; sourceTree = "<group>"; };
		98F5C18E17BBC8A000833E26 /* PsuedoStack.h */ = {isa = PBXFileReference; fileEncoding = 4; lastKnownFileType = sourcecode.c.h; path = PsuedoStack.h; sourceTree = "<group>"; };
		98F5C18F17BBC8A000833E26 /* PsuedoStack.m */ = {isa = PBXFileReference; fileEncoding = 4; lastKnownFileType = sourcecode.c.objc; path = PsuedoStack.m; sourceTree = "<group>"; };
/* End PBXFileReference section */

/* Begin PBXFrameworksBuildPhase section */
		98043F1F17B68EDD004AC762 /* Frameworks */ = {
			isa = PBXFrameworksBuildPhase;
			buildActionMask = 2147483647;
			files = (
				98043F2617B68EDD004AC762 /* UIKit.framework in Frameworks */,
				98043F2817B68EDD004AC762 /* Foundation.framework in Frameworks */,
				98043F2A17B68EDD004AC762 /* CoreGraphics.framework in Frameworks */,
			);
			runOnlyForDeploymentPostprocessing = 0;
		};
/* End PBXFrameworksBuildPhase section */

/* Begin PBXGroup section */
		98043F1917B68EDD004AC762 = {
			isa = PBXGroup;
			children = (
				98834FA617BDBCE600DF9A81 /* Default.png */,
				98834FA417BDBCDE00DF9A81 /* Default@2x.png */,
				98043F2B17B68EDD004AC762 /* Oshieru */,
				98043F2417B68EDD004AC762 /* Frameworks */,
				98043F2317B68EDD004AC762 /* Products */,
			);
			sourceTree = "<group>";
		};
		98043F2317B68EDD004AC762 /* Products */ = {
			isa = PBXGroup;
			children = (
				98043F2217B68EDD004AC762 /* Oshieru.app */,
			);
			name = Products;
			sourceTree = "<group>";
		};
		98043F2417B68EDD004AC762 /* Frameworks */ = {
			isa = PBXGroup;
			children = (
				98043F2517B68EDD004AC762 /* UIKit.framework */,
				98043F2717B68EDD004AC762 /* Foundation.framework */,
				98043F2917B68EDD004AC762 /* CoreGraphics.framework */,
			);
			name = Frameworks;
			sourceTree = "<group>";
		};
		98043F2B17B68EDD004AC762 /* Oshieru */ = {
			isa = PBXGroup;
			children = (
				98043FDE17B92B15004AC762 /* Data Controllers */,
				98043FD417B8C2D9004AC762 /* Data */,
				98043F5917B7E049004AC762 /* Images */,
				98043F4817B7DE8E004AC762 /* Views */,
				98043F2C17B68EDD004AC762 /* Supporting Files */,
			);
			path = Oshieru;
			sourceTree = "<group>";
		};
		98043F2C17B68EDD004AC762 /* Supporting Files */ = {
			isa = PBXGroup;
			children = (
				98043F3417B68EDD004AC762 /* AppDelegate.h */,
				98043F3517B68EDD004AC762 /* AppDelegate.m */,
				98043F3117B68EDD004AC762 /* main.m */,
				98043F3317B68EDD004AC762 /* Oshieru-Prefix.pch */,
				98F5C18E17BBC8A000833E26 /* PsuedoStack.h */,
				98F5C18F17BBC8A000833E26 /* PsuedoStack.m */,
			);
			name = "Supporting Files";
			sourceTree = "<group>";
		};
		98043F4817B7DE8E004AC762 /* Views */ = {
			isa = PBXGroup;
			children = (
				98043F4917B7DED7004AC762 /* Main Menu */,
			);
			name = Views;
			sourceTree = "<group>";
		};
		98043F4917B7DED7004AC762 /* Main Menu */ = {
			isa = PBXGroup;
			children = (
				98043F4C17B7DF0B004AC762 /* Vocabulary Section */,
				98043F4B17B7DEFC004AC762 /* Grammar Section */,
				98043F4A17B7DEEF004AC762 /* Characters Section */,
				98043F3D17B68EDD004AC762 /* MainMenuViewController.h */,
				98043F3E17B68EDD004AC762 /* MainMenuViewController.m */,
				98043F4017B68EDD004AC762 /* MainMenuViewController.xib */,
			);
			name = "Main Menu";
			sourceTree = "<group>";
		};
		98043F4A17B7DEEF004AC762 /* Characters Section */ = {
			isa = PBXGroup;
			children = (
				98043F6417B7E10A004AC762 /* Katakana and Hiragana */,
				98043F5317B7DFED004AC762 /* Kanji Viewer */,
				98043F5F17B7E0DC004AC762 /* CharacterMenuViewController.h */,
				98043F6017B7E0DC004AC762 /* CharacterMenuViewController.m */,
				98043F6117B7E0DC004AC762 /* CharacterMenuViewController.xib */,
			);
			name = "Characters Section";
			sourceTree = "<group>";
		};
		98043F4B17B7DEFC004AC762 /* Grammar Section */ = {
			isa = PBXGroup;
			children = (
				98043FAB17B7E63C004AC762 /* GrammarMenuViewController.h */,
				98043FAC17B7E63C004AC762 /* GrammarMenuViewController.m */,
				98043FAD17B7E63C004AC762 /* GrammarMenuViewController.xib */,
				98043F5617B7E012004AC762 /* Sentence Quizzer */,
				98043F5517B7E002004AC762 /* Adjective Sifter */,
				98043F5417B7DFFC004AC762 /* Verb Sifter */,
			);
			name = "Grammar Section";
			sourceTree = "<group>";
		};
		98043F4C17B7DF0B004AC762 /* Vocabulary Section */ = {
			isa = PBXGroup;
			children = (
				98043F5817B7E02B004AC762 /* Vocab List Viewer */,
				98043F5717B7E01E004AC762 /* Vocab Set List */,
			);
			name = "Vocabulary Section";
			sourceTree = "<group>";
		};
		98043F5317B7DFED004AC762 /* Kanji Viewer */ = {
			isa = PBXGroup;
			children = (
				98043FCA17B8BFA0004AC762 /* KanjiListViewController.h */,
				98043FCB17B8BFA0004AC762 /* KanjiListViewController.m */,
				98043FCC17B8BFA0004AC762 /* KanjiListViewController.xib */,
				98043FCF17B8BFAD004AC762 /* KanjiViewerViewController.h */,
				98043FD017B8BFAD004AC762 /* KanjiViewerViewController.m */,
				98043FD117B8BFAD004AC762 /* KanjiViewerViewController.xib */,
			);
			name = "Kanji Viewer";
			sourceTree = "<group>";
		};
		98043F5417B7DFFC004AC762 /* Verb Sifter */ = {
			isa = PBXGroup;
			children = (
				98043FC517B8BB99004AC762 /* VerbConjSifterViewController.h */,
				98043FC617B8BB99004AC762 /* VerbConjSifterViewController.m */,
				98043FC717B8BB99004AC762 /* VerbConjSifterViewController.xib */,
			);
			name = "Verb Sifter";
			sourceTree = "<group>";
		};
		98043F5517B7E002004AC762 /* Adjective Sifter */ = {
			isa = PBXGroup;
			children = (
				98043FC017B8BB66004AC762 /* AdjConjSifterViewController.h */,
				98043FC117B8BB66004AC762 /* AdjConjSifterViewController.m */,
				98043FC217B8BB66004AC762 /* AdjConjSifterViewController.xib */,
			);
			name = "Adjective Sifter";
			sourceTree = "<group>";
		};
		98043F5617B7E012004AC762 /* Sentence Quizzer */ = {
			isa = PBXGroup;
			children = (
				98043FBB17B8BB34004AC762 /* SentenceQuizzerViewController.h */,
				98043FBC17B8BB34004AC762 /* SentenceQuizzerViewController.m */,
				98043FBD17B8BB34004AC762 /* SentenceQuizzerViewController.xib */,
			);
			name = "Sentence Quizzer";
			sourceTree = "<group>";
		};
		98043F5717B7E01E004AC762 /* Vocab Set List */ = {
			isa = PBXGroup;
			children = (
				98043FB017B7E6E4004AC762 /* VocabSetViewController.h */,
				98043FB117B7E6E4004AC762 /* VocabSetViewController.m */,
				98043FB217B7E6E4004AC762 /* VocabSetViewController.xib */,
			);
			name = "Vocab Set List";
			sourceTree = "<group>";
		};
		98043F5817B7E02B004AC762 /* Vocab List Viewer */ = {
			isa = PBXGroup;
			children = (
				98043FB617B7E73E004AC762 /* VocabViewerViewController.h */,
				98043FB717B7E73E004AC762 /* VocabViewerViewController.m */,
				98043FB817B7E73E004AC762 /* VocabViewerViewController.xib */,
			);
			name = "Vocab List Viewer";
			sourceTree = "<group>";
		};
		98043F5917B7E049004AC762 /* Images */ = {
			isa = PBXGroup;
			children = (
				98043F3B17B68EDD004AC762 /* Default-568h@2x.png */,
				98043F5E17B7E093004AC762 /* Stroke Orders */,
				98043F5D17B7E080004AC762 /* Gutters and Backgrounds */,
			);
			name = Images;
			sourceTree = "<group>";
		};
		98043F5A17B7E052004AC762 /* Grammar Section */ = {
			isa = PBXGroup;
			children = (
				98043F7817B7E3FF004AC762 /* sentenceButton_highlighted.png */,
				98043F7917B7E3FF004AC762 /* sentenceButton.png */,
				98043F7A17B7E3FF004AC762 /* adjButton_highlighted.png */,
				98043F7B17B7E3FF004AC762 /* adjButton.png */,
				98043F7C17B7E3FF004AC762 /* verbConjButton_highlighted.png */,
				98043F7D17B7E3FF004AC762 /* verbConjButton.png */,
				98043F7617B7E3FF004AC762 /* gramSelect_top_gutter.png */,
				98043F7717B7E3FF004AC762 /* gramSelect_bottom_gutter.png */,
			);
			name = "Grammar Section";
			sourceTree = "<group>";
		};
		98043F5B17B7E059004AC762 /* Character Section */ = {
			isa = PBXGroup;
			children = (
				980440A517BA3ED6004AC762 /* quizIcon.png */,
				980440A617BA3ED7004AC762 /* listIcon.png */,
				98043F7E17B7E3FF004AC762 /* charPage_top_gutter.png */,
				98043F7F17B7E3FF004AC762 /* pink_bottom_gutter.png */,
				98043F8017B7E3FF004AC762 /* kanjiButton_highlighted.png */,
				98043F8117B7E3FF004AC762 /* kanjiButton.png */,
				98043F8217B7E3FF004AC762 /* katakanaButton_highlighted.png */,
				98043F8317B7E3FF004AC762 /* katakanaButton.png */,
				98043F8417B7E3FF004AC762 /* hiraganaButton_highlighted.png */,
				98043F8517B7E3FF004AC762 /* hiraganaButton.png */,
			);
			name = "Character Section";
			sourceTree = "<group>";
		};
		98043F5C17B7E06F004AC762 /* Vocabulary Section */ = {
			isa = PBXGroup;
			children = (
				98043FA717B7E47A004AC762 /* vocabselect_top_gutter.png */,
				98043FA817B7E47A004AC762 /* vocabselect_bottom_gutter.png */,
			);
			name = "Vocabulary Section";
			sourceTree = "<group>";
		};
		98043F5D17B7E080004AC762 /* Gutters and Backgrounds */ = {
			isa = PBXGroup;
			children = (
				98043FA617B7E415004AC762 /* Main Menu */,
				98043F5C17B7E06F004AC762 /* Vocabulary Section */,
				98043F5B17B7E059004AC762 /* Character Section */,
				98043F5A17B7E052004AC762 /* Grammar Section */,
			);
			name = "Gutters and Backgrounds";
			sourceTree = "<group>";
		};
		98043F5E17B7E093004AC762 /* Stroke Orders */ = {
			isa = PBXGroup;
			children = (
				98043FE417B94084004AC762 /* Katakana */,
				98043FE317B94072004AC762 /* Hiragana */,
			);
			name = "Stroke Orders";
			sourceTree = "<group>";
		};
		98043F6417B7E10A004AC762 /* Katakana and Hiragana */ = {
			isa = PBXGroup;
			children = (
				98043F6617B7E11C004AC762 /* Quizzer */,
				98043F6517B7E115004AC762 /* List */,
			);
			name = "Katakana and Hiragana";
			sourceTree = "<group>";
		};
		98043F6517B7E115004AC762 /* List */ = {
			isa = PBXGroup;
			children = (
				98043F6717B7E229004AC762 /* KanaListViewController.h */,
				98043F6817B7E229004AC762 /* KanaListViewController.m */,
				98043F6917B7E229004AC762 /* KanaListViewController.xib */,
				98043F7117B7E273004AC762 /* KanaViewerViewController.h */,
				98043F7217B7E273004AC762 /* KanaViewerViewController.m */,
				98043F7317B7E273004AC762 /* KanaViewerViewController.xib */,
			);
			name = List;
			sourceTree = "<group>";
		};
		98043F6617B7E11C004AC762 /* Quizzer */ = {
			isa = PBXGroup;
			children = (
				98043F6C17B7E234004AC762 /* KanaQuizzerViewController.h */,
				98043F6D17B7E234004AC762 /* KanaQuizzerViewController.m */,
				98043F6E17B7E234004AC762 /* KanaQuizzerViewController.xib */,
			);
			name = Quizzer;
			sourceTree = "<group>";
		};
		98043FA617B7E415004AC762 /* Main Menu */ = {
			isa = PBXGroup;
			children = (
				98043F8C17B7E3FF004AC762 /* charButton_highlighted.png */,
				98043F8D17B7E3FF004AC762 /* charButton.png */,
				98043F8A17B7E3FF004AC762 /* gramButton_highlighted.png */,
				98043F8B17B7E3FF004AC762 /* gramButton.png */,
				98043F8617B7E3FF004AC762 /* top_gutter.png */,
				98043F8717B7E3FF004AC762 /* bottom_gutter.png */,
				98043F8817B7E3FF004AC762 /* vocabButton_hilighted.png */,
				98043F8917B7E3FF004AC762 /* vocabButton.png */,
			);
			name = "Main Menu";
			sourceTree = "<group>";
		};
		98043FD417B8C2D9004AC762 /* Data */ = {
			isa = PBXGroup;
			children = (
				98043FD917B8C3B4004AC762 /* Vocabulary */,
				98043FD617B8C375004AC762 /* Sentences */,
				98043FD517B8C36F004AC762 /* Characters */,
				98043F2D17B68EDD004AC762 /* Oshieru-Info.plist */,
				98043F2E17B68EDD004AC762 /* InfoPlist.strings */,
			);
			name = Data;
			sourceTree = "<group>";
		};
		98043FD517B8C36F004AC762 /* Characters */ = {
			isa = PBXGroup;
			children = (
				98043FD817B8C3AD004AC762 /* Kanji */,
				98043FD717B8C37C004AC762 /* Hiragana and Katakana */,
			);
			name = Characters;
			sourceTree = "<group>";
		};
		98043FD617B8C375004AC762 /* Sentences */ = {
			isa = PBXGroup;
			children = (
			);
			name = Sentences;
			sourceTree = "<group>";
		};
		98043FD717B8C37C004AC762 /* Hiragana and Katakana */ = {
			isa = PBXGroup;
			children = (
				98043FDA17B92471004AC762 /* hiragana.json */,
				98043FDC17B9280E004AC762 /* katakana.json */,
			);
			name = "Hiragana and Katakana";
			sourceTree = "<group>";
		};
		98043FD817B8C3AD004AC762 /* Kanji */ = {
			isa = PBXGroup;
			children = (
			);
			name = Kanji;
			sourceTree = "<group>";
		};
		98043FD917B8C3B4004AC762 /* Vocabulary */ = {
			isa = PBXGroup;
			children = (
			);
			name = Vocabulary;
			sourceTree = "<group>";
		};
		98043FDE17B92B15004AC762 /* Data Controllers */ = {
			isa = PBXGroup;
			children = (
				98043FE017B92B3A004AC762 /* CharacterDataController.h */,
				98043FE117B92B3A004AC762 /* CharacterDataController.m */,
				98F5C18B17BBBE2E00833E26 /* QuizController.h */,
				98F5C18C17BBBE2E00833E26 /* QuizController.m */,
			);
			name = "Data Controllers";
			sourceTree = "<group>";
		};
		98043FE317B94072004AC762 /* Hiragana */ = {
			isa = PBXGroup;
			children = (
				98043FE517B947DD004AC762 /* hira_n_stroke.png */,
				98043FE617B947DD004AC762 /* hira_wo_stroke.png */,
				98043FE717B947DD004AC762 /* hira_we_stroke.png */,
				98043FE817B947DD004AC762 /* hira_wi_stroke.png */,
				98043FE917B947DD004AC762 /* hira_wa_stroke.png */,
				98043FEA17B947DD004AC762 /* hira_ro_stroke.png */,
				98043FEB17B947DD004AC762 /* hira_re_stroke.png */,
				98043FEC17B947DD004AC762 /* hira_ru_stroke.png */,
				98043FED17B947DD004AC762 /* hira_ri_stroke.png */,
				98043FEE17B947DD004AC762 /* hira_ra_stroke.png */,
				98043FEF17B947DD004AC762 /* hira_yo_stroke.png */,
				98043FF017B947DD004AC762 /* hira_yu_stroke.png */,
				98043FF117B947DD004AC762 /* hira_ya_stroke.png */,
				98043FF217B947DD004AC762 /* hira_mo_stroke.png */,
				98043FF317B947DD004AC762 /* hira_me_stroke.png */,
				98043FF417B947DD004AC762 /* hira_mu_stroke.png */,
				98043FF517B947DD004AC762 /* hira_mi_stroke.png */,
				98043FF617B947DD004AC762 /* hira_ma_stroke.png */,
				98043FF717B947DD004AC762 /* hira_ho_stroke.png */,
				98043FF817B947DD004AC762 /* hira_he_stroke.png */,
				98043FF917B947DD004AC762 /* hira_fu_stroke.png */,
				98043FFA17B947DD004AC762 /* hira_hi_stroke.png */,
				98043FFB17B947DD004AC762 /* hira_ha_stroke.png */,
				98043FFC17B947DD004AC762 /* hira_no_stroke.png */,
				98043FFD17B947DD004AC762 /* hira_ne_stroke.png */,
				98043FFE17B947DD004AC762 /* hira_nu_stroke.png */,
				98043FFF17B947DD004AC762 /* hira_ni_stroke.png */,
				9804400017B947DD004AC762 /* hira_na_stroke.png */,
				9804400117B947DD004AC762 /* hira_to_stroke.png */,
				9804400217B947DD004AC762 /* hira_te_stroke.png */,
				9804400317B947DD004AC762 /* hira_tsu_stroke.png */,
				9804400417B947DD004AC762 /* hira_chi_stroke.png */,
				9804400517B947DD004AC762 /* hira_ta_stroke.png */,
				9804400617B947DD004AC762 /* hira_so_stroke.png */,
				9804400717B947DD004AC762 /* hira_se_stroke.png */,
				9804400817B947DD004AC762 /* hira_su_stroke.png */,
				9804400917B947DD004AC762 /* hira_shi_stroke.png */,
				9804400A17B947DD004AC762 /* hira_sa_stroke.png */,
				9804400B17B947DD004AC762 /* hira_ko_stroke.png */,
				9804400C17B947DD004AC762 /* hira_ke_stroke.png */,
				9804400D17B947DD004AC762 /* hira_ku_stroke.png */,
				9804400E17B947DD004AC762 /* hira_ki_stroke.png */,
				9804400F17B947DD004AC762 /* hira_ka_stroke.png */,
				9804401017B947DD004AC762 /* hira_o_stroke.png */,
				9804401117B947DD004AC762 /* hira_e_stroke.png */,
				9804401217B947DD004AC762 /* hira_u_stroke.png */,
				9804401317B947DD004AC762 /* hira_i_stroke.png */,
				9804401417B947DD004AC762 /* hira_a_stroke.png */,
			);
			name = Hiragana;
			sourceTree = "<group>";
		};
		98043FE417B94084004AC762 /* Katakana */ = {
			isa = PBXGroup;
			children = (
				9804404517B947F8004AC762 /* kata_n_stroke.png */,
				9804404617B947F8004AC762 /* kata_wo_stroke.png */,
				9804404717B947F8004AC762 /* kata_we_stroke.png */,
				9804404817B947F8004AC762 /* kata_wi_stroke.png */,
				9804404917B947F8004AC762 /* kata_wa_stroke.png */,
				9804404A17B947F8004AC762 /* kata_ro_stroke.png */,
				9804404B17B947F8004AC762 /* kata_re_stroke.png */,
				9804404C17B947F8004AC762 /* kata_ru_stroke.png */,
				9804404D17B947F8004AC762 /* kata_ri_stroke.png */,
				9804404E17B947F8004AC762 /* kata_ra_stroke.png */,
				9804404F17B947F8004AC762 /* kata_yo_stroke.png */,
				9804405017B947F8004AC762 /* kata_yu_stroke.png */,
				9804405117B947F8004AC762 /* kata_ya_stroke.png */,
				9804405217B947F8004AC762 /* kata_mo_stroke.png */,
				9804405317B947F8004AC762 /* kata_me_stroke.png */,
				9804405417B947F8004AC762 /* kata_mu_stroke.png */,
				9804405517B947F8004AC762 /* kata_mi_stroke.png */,
				9804405617B947F8004AC762 /* kata_ma_stroke.png */,
				9804405717B947F8004AC762 /* kata_ho_stroke.png */,
				9804405817B947F8004AC762 /* kata_he_stroke.png */,
				9804405917B947F8004AC762 /* kata_fu_stroke.png */,
				9804405A17B947F8004AC762 /* kata_hi_stroke.png */,
				9804405B17B947F8004AC762 /* kata_ha_stroke.png */,
				9804405C17B947F8004AC762 /* kata_no_stroke.png */,
				9804405D17B947F8004AC762 /* kata_ne_stroke.png */,
				9804405E17B947F8004AC762 /* kata_nu_stroke.png */,
				9804405F17B947F8004AC762 /* kata_ni_stroke.png */,
				9804406017B947F8004AC762 /* kata_na_stroke.png */,
				9804406117B947F8004AC762 /* kata_to_stroke.png */,
				9804406217B947F8004AC762 /* kata_te_stroke.png */,
				9804406317B947F8004AC762 /* kata_tsu_stroke.png */,
				9804406417B947F8004AC762 /* kata_chi_stroke.png */,
				9804406517B947F8004AC762 /* kata_ta_stroke.png */,
				9804406617B947F8004AC762 /* kata_so_stroke.png */,
				9804406717B947F8004AC762 /* kata_se_stroke.png */,
				9804406817B947F8004AC762 /* kata_su_stroke.png */,
				9804406917B947F8004AC762 /* kata_shi_stroke.png */,
				9804406A17B947F8004AC762 /* kata_sa_stroke.png */,
				9804406B17B947F8004AC762 /* kata_ko_stroke.png */,
				9804406C17B947F8004AC762 /* kata_ke_stroke.png */,
				9804406D17B947F8004AC762 /* kata_ku_stroke.png */,
				9804406E17B947F8004AC762 /* kata_ki_stroke.png */,
				9804406F17B947F8004AC762 /* kata_ka_stroke.png */,
				9804407017B947F8004AC762 /* kata_o_stroke.png */,
				9804407117B947F8004AC762 /* kata_e_stroke.png */,
				9804407217B947F8004AC762 /* kata_u_stroke.png */,
				9804407317B947F8004AC762 /* kata_i_stroke.png */,
				9804407417B947F8004AC762 /* kata_a_stroke.png */,
			);
			name = Katakana;
			sourceTree = "<group>";
		};
/* End PBXGroup section */

/* Begin PBXNativeTarget section */
		98043F2117B68EDD004AC762 /* Oshieru */ = {
			isa = PBXNativeTarget;
			buildConfigurationList = 98043F4517B68EDD004AC762 /* Build configuration list for PBXNativeTarget "Oshieru" */;
			buildPhases = (
				98043F1E17B68EDD004AC762 /* Sources */,
				98043F1F17B68EDD004AC762 /* Frameworks */,
				98043F2017B68EDD004AC762 /* Resources */,
			);
			buildRules = (
			);
			dependencies = (
			);
			name = Oshieru;
			productName = Oshieru;
			productReference = 98043F2217B68EDD004AC762 /* Oshieru.app */;
			productType = "com.apple.product-type.application";
		};
/* End PBXNativeTarget section */

/* Begin PBXProject section */
		98043F1A17B68EDD004AC762 /* Project object */ = {
			isa = PBXProject;
			attributes = {
				LastUpgradeCheck = 0460;
				ORGANIZATIONNAME = "Hinode Softworks";
			};
			buildConfigurationList = 98043F1D17B68EDD004AC762 /* Build configuration list for PBXProject "Oshieru" */;
			compatibilityVersion = "Xcode 3.2";
			developmentRegion = English;
			hasScannedForEncodings = 0;
			knownRegions = (
				en,
			);
			mainGroup = 98043F1917B68EDD004AC762;
			productRefGroup = 98043F2317B68EDD004AC762 /* Products */;
			projectDirPath = "";
			projectRoot = "";
			targets = (
				98043F2117B68EDD004AC762 /* Oshieru */,
			);
		};
/* End PBXProject section */

/* Begin PBXResourcesBuildPhase section */
		98043F2017B68EDD004AC762 /* Resources */ = {
			isa = PBXResourcesBuildPhase;
			buildActionMask = 2147483647;
			files = (
				98043F3017B68EDD004AC762 /* InfoPlist.strings in Resources */,
				98043F3C17B68EDD004AC762 /* Default-568h@2x.png in Resources */,
				98043F4217B68EDD004AC762 /* MainMenuViewController.xib in Resources */,
				98043F6317B7E0DC004AC762 /* CharacterMenuViewController.xib in Resources */,
				98043F6B17B7E229004AC762 /* KanaListViewController.xib in Resources */,
				98043F7017B7E234004AC762 /* KanaQuizzerViewController.xib in Resources */,
				98043F7517B7E273004AC762 /* KanaViewerViewController.xib in Resources */,
				98043F8E17B7E3FF004AC762 /* gramSelect_top_gutter.png in Resources */,
				98043F8F17B7E3FF004AC762 /* gramSelect_bottom_gutter.png in Resources */,
				98043F9017B7E3FF004AC762 /* sentenceButton_highlighted.png in Resources */,
				98043F9117B7E3FF004AC762 /* sentenceButton.png in Resources */,
				98043F9217B7E3FF004AC762 /* adjButton_highlighted.png in Resources */,
				98043F9317B7E3FF004AC762 /* adjButton.png in Resources */,
				98043F9417B7E3FF004AC762 /* verbConjButton_highlighted.png in Resources */,
				98043F9517B7E3FF004AC762 /* verbConjButton.png in Resources */,
				98043F9617B7E3FF004AC762 /* charPage_top_gutter.png in Resources */,
				98043F9717B7E3FF004AC762 /* pink_bottom_gutter.png in Resources */,
				98043F9817B7E3FF004AC762 /* kanjiButton_highlighted.png in Resources */,
				98043F9917B7E3FF004AC762 /* kanjiButton.png in Resources */,
				98043F9A17B7E3FF004AC762 /* katakanaButton_highlighted.png in Resources */,
				98043F9B17B7E3FF004AC762 /* katakanaButton.png in Resources */,
				98043F9C17B7E3FF004AC762 /* hiraganaButton_highlighted.png in Resources */,
				98043F9D17B7E3FF004AC762 /* hiraganaButton.png in Resources */,
				98043F9E17B7E3FF004AC762 /* top_gutter.png in Resources */,
				98043F9F17B7E3FF004AC762 /* bottom_gutter.png in Resources */,
				98043FA017B7E3FF004AC762 /* vocabButton_hilighted.png in Resources */,
				98043FA117B7E3FF004AC762 /* vocabButton.png in Resources */,
				98043FA217B7E3FF004AC762 /* gramButton_highlighted.png in Resources */,
				98043FA317B7E3FF004AC762 /* gramButton.png in Resources */,
				98043FA417B7E3FF004AC762 /* charButton_highlighted.png in Resources */,
				98043FA517B7E3FF004AC762 /* charButton.png in Resources */,
				98043FA917B7E47A004AC762 /* vocabselect_top_gutter.png in Resources */,
				98043FAA17B7E47A004AC762 /* vocabselect_bottom_gutter.png in Resources */,
				98043FAF17B7E63C004AC762 /* GrammarMenuViewController.xib in Resources */,
				98043FB417B7E6E4004AC762 /* VocabSetViewController.xib in Resources */,
				98043FBA17B7E73E004AC762 /* VocabViewerViewController.xib in Resources */,
				98043FBF17B8BB34004AC762 /* SentenceQuizzerViewController.xib in Resources */,
				98043FC417B8BB66004AC762 /* AdjConjSifterViewController.xib in Resources */,
				98043FC917B8BB99004AC762 /* VerbConjSifterViewController.xib in Resources */,
				98043FCE17B8BFA0004AC762 /* KanjiListViewController.xib in Resources */,
				98043FD317B8BFAE004AC762 /* KanjiViewerViewController.xib in Resources */,
				98043FDB17B92471004AC762 /* hiragana.json in Resources */,
				98043FDD17B9280E004AC762 /* katakana.json in Resources */,
				9804401517B947DD004AC762 /* hira_n_stroke.png in Resources */,
				9804401617B947DD004AC762 /* hira_wo_stroke.png in Resources */,
				9804401717B947DD004AC762 /* hira_we_stroke.png in Resources */,
				9804401817B947DD004AC762 /* hira_wi_stroke.png in Resources */,
				9804401917B947DD004AC762 /* hira_wa_stroke.png in Resources */,
				9804401A17B947DD004AC762 /* hira_ro_stroke.png in Resources */,
				9804401B17B947DD004AC762 /* hira_re_stroke.png in Resources */,
				9804401C17B947DD004AC762 /* hira_ru_stroke.png in Resources */,
				9804401D17B947DD004AC762 /* hira_ri_stroke.png in Resources */,
				9804401E17B947DD004AC762 /* hira_ra_stroke.png in Resources */,
				9804401F17B947DD004AC762 /* hira_yo_stroke.png in Resources */,
				9804402017B947DD004AC762 /* hira_yu_stroke.png in Resources */,
				9804402117B947DD004AC762 /* hira_ya_stroke.png in Resources */,
				9804402217B947DD004AC762 /* hira_mo_stroke.png in Resources */,
				9804402317B947DD004AC762 /* hira_me_stroke.png in Resources */,
				9804402417B947DD004AC762 /* hira_mu_stroke.png in Resources */,
				9804402517B947DD004AC762 /* hira_mi_stroke.png in Resources */,
				9804402617B947DD004AC762 /* hira_ma_stroke.png in Resources */,
				9804402717B947DD004AC762 /* hira_ho_stroke.png in Resources */,
				9804402817B947DD004AC762 /* hira_he_stroke.png in Resources */,
				9804402917B947DD004AC762 /* hira_fu_stroke.png in Resources */,
				9804402A17B947DD004AC762 /* hira_hi_stroke.png in Resources */,
				9804402B17B947DD004AC762 /* hira_ha_stroke.png in Resources */,
				9804402C17B947DD004AC762 /* hira_no_stroke.png in Resources */,
				9804402D17B947DD004AC762 /* hira_ne_stroke.png in Resources */,
				9804402E17B947DD004AC762 /* hira_nu_stroke.png in Resources */,
				9804402F17B947DD004AC762 /* hira_ni_stroke.png in Resources */,
				9804403017B947DD004AC762 /* hira_na_stroke.png in Resources */,
				9804403117B947DD004AC762 /* hira_to_stroke.png in Resources */,
				9804403217B947DD004AC762 /* hira_te_stroke.png in Resources */,
				9804403317B947DD004AC762 /* hira_tsu_stroke.png in Resources */,
				9804403417B947DD004AC762 /* hira_chi_stroke.png in Resources */,
				9804403517B947DD004AC762 /* hira_ta_stroke.png in Resources */,
				9804403617B947DD004AC762 /* hira_so_stroke.png in Resources */,
				9804403717B947DD004AC762 /* hira_se_stroke.png in Resources */,
				9804403817B947DD004AC762 /* hira_su_stroke.png in Resources */,
				9804403917B947DD004AC762 /* hira_shi_stroke.png in Resources */,
				9804403A17B947DD004AC762 /* hira_sa_stroke.png in Resources */,
				9804403B17B947DD004AC762 /* hira_ko_stroke.png in Resources */,
				9804403C17B947DD004AC762 /* hira_ke_stroke.png in Resources */,
				9804403D17B947DD004AC762 /* hira_ku_stroke.png in Resources */,
				9804403E17B947DD004AC762 /* hira_ki_stroke.png in Resources */,
				9804403F17B947DD004AC762 /* hira_ka_stroke.png in Resources */,
				9804404017B947DD004AC762 /* hira_o_stroke.png in Resources */,
				9804404117B947DD004AC762 /* hira_e_stroke.png in Resources */,
				9804404217B947DD004AC762 /* hira_u_stroke.png in Resources */,
				9804404317B947DD004AC762 /* hira_i_stroke.png in Resources */,
				9804404417B947DD004AC762 /* hira_a_stroke.png in Resources */,
				9804407517B947F8004AC762 /* kata_n_stroke.png in Resources */,
				9804407617B947F8004AC762 /* kata_wo_stroke.png in Resources */,
				9804407717B947F8004AC762 /* kata_we_stroke.png in Resources */,
				9804407817B947F8004AC762 /* kata_wi_stroke.png in Resources */,
				9804407917B947F8004AC762 /* kata_wa_stroke.png in Resources */,
				9804407A17B947F8004AC762 /* kata_ro_stroke.png in Resources */,
				9804407B17B947F8004AC762 /* kata_re_stroke.png in Resources */,
				9804407C17B947F8004AC762 /* kata_ru_stroke.png in Resources */,
				9804407D17B947F8004AC762 /* kata_ri_stroke.png in Resources */,
				9804407E17B947F8004AC762 /* kata_ra_stroke.png in Resources */,
				9804407F17B947F8004AC762 /* kata_yo_stroke.png in Resources */,
				9804408017B947F8004AC762 /* kata_yu_stroke.png in Resources */,
				9804408117B947F8004AC762 /* kata_ya_stroke.png in Resources */,
				9804408217B947F8004AC762 /* kata_mo_stroke.png in Resources */,
				9804408317B947F8004AC762 /* kata_me_stroke.png in Resources */,
				9804408417B947F8004AC762 /* kata_mu_stroke.png in Resources */,
				9804408517B947F8004AC762 /* kata_mi_stroke.png in Resources */,
				9804408617B947F8004AC762 /* kata_ma_stroke.png in Resources */,
				9804408717B947F8004AC762 /* kata_ho_stroke.png in Resources */,
				9804408817B947F8004AC762 /* kata_he_stroke.png in Resources */,
				9804408917B947F8004AC762 /* kata_fu_stroke.png in Resources */,
				9804408A17B947F8004AC762 /* kata_hi_stroke.png in Resources */,
				9804408B17B947F8004AC762 /* kata_ha_stroke.png in Resources */,
				9804408C17B947F8004AC762 /* kata_no_stroke.png in Resources */,
				9804408D17B947F8004AC762 /* kata_ne_stroke.png in Resources */,
				9804408E17B947F8004AC762 /* kata_nu_stroke.png in Resources */,
				9804408F17B947F8004AC762 /* kata_ni_stroke.png in Resources */,
				9804409017B947F8004AC762 /* kata_na_stroke.png in Resources */,
				9804409117B947F8004AC762 /* kata_to_stroke.png in Resources */,
				9804409217B947F8004AC762 /* kata_te_stroke.png in Resources */,
				9804409317B947F8004AC762 /* kata_tsu_stroke.png in Resources */,
				9804409417B947F8004AC762 /* kata_chi_stroke.png in Resources */,
				9804409517B947F8004AC762 /* kata_ta_stroke.png in Resources */,
				9804409617B947F8004AC762 /* kata_so_stroke.png in Resources */,
				9804409717B947F8004AC762 /* kata_se_stroke.png in Resources */,
				9804409817B947F8004AC762 /* kata_su_stroke.png in Resources */,
				9804409917B947F8004AC762 /* kata_shi_stroke.png in Resources */,
				9804409A17B947F8004AC762 /* kata_sa_stroke.png in Resources */,
				9804409B17B947F8004AC762 /* kata_ko_stroke.png in Resources */,
				9804409C17B947F8004AC762 /* kata_ke_stroke.png in Resources */,
				9804409D17B947F8004AC762 /* kata_ku_stroke.png in Resources */,
				9804409E17B947F8004AC762 /* kata_ki_stroke.png in Resources */,
				9804409F17B947F8004AC762 /* kata_ka_stroke.png in Resources */,
				980440A017B947F8004AC762 /* kata_o_stroke.png in Resources */,
				980440A117B947F8004AC762 /* kata_e_stroke.png in Resources */,
				980440A217B947F8004AC762 /* kata_u_stroke.png in Resources */,
				980440A317B947F8004AC762 /* kata_i_stroke.png in Resources */,
				980440A417B947F8004AC762 /* kata_a_stroke.png in Resources */,
				980440A717BA3ED7004AC762 /* quizIcon.png in Resources */,
				980440A817BA3ED7004AC762 /* listIcon.png in Resources */,
				98834FA517BDBCDE00DF9A81 /* Default@2x.png in Resources */,
				98834FA717BDBCE700DF9A81 /* Default.png in Resources */,
			);
			runOnlyForDeploymentPostprocessing = 0;
		};
/* End PBXResourcesBuildPhase section */

/* Begin PBXSourcesBuildPhase section */
		98043F1E17B68EDD004AC762 /* Sources */ = {
			isa = PBXSourcesBuildPhase;
			buildActionMask = 2147483647;
			files = (
				98043F3217B68EDD004AC762 /* main.m in Sources */,
				98043F3617B68EDD004AC762 /* AppDelegate.m in Sources */,
				98043F3F17B68EDD004AC762 /* MainMenuViewController.m in Sources */,
				98043F6217B7E0DC004AC762 /* CharacterMenuViewController.m in Sources */,
				98043F6A17B7E229004AC762 /* KanaListViewController.m in Sources */,
				98043F6F17B7E234004AC762 /* KanaQuizzerViewController.m in Sources */,
				98043F7417B7E273004AC762 /* KanaViewerViewController.m in Sources */,
				98043FAE17B7E63C004AC762 /* GrammarMenuViewController.m in Sources */,
				98043FB317B7E6E4004AC762 /* VocabSetViewController.m in Sources */,
				98043FB917B7E73E004AC762 /* VocabViewerViewController.m in Sources */,
				98043FBE17B8BB34004AC762 /* SentenceQuizzerViewController.m in Sources */,
				98043FC317B8BB66004AC762 /* AdjConjSifterViewController.m in Sources */,
				98043FC817B8BB99004AC762 /* VerbConjSifterViewController.m in Sources */,
				98043FCD17B8BFA0004AC762 /* KanjiListViewController.m in Sources */,
				98043FD217B8BFAE004AC762 /* KanjiViewerViewController.m in Sources */,
				98043FE217B92B3B004AC762 /* CharacterDataController.m in Sources */,
				98F5C18D17BBBE2E00833E26 /* QuizController.m in Sources */,
				98F5C19017BBC8A000833E26 /* PsuedoStack.m in Sources */,
			);
			runOnlyForDeploymentPostprocessing = 0;
		};
/* End PBXSourcesBuildPhase section */

/* Begin PBXVariantGroup section */
		98043F2E17B68EDD004AC762 /* InfoPlist.strings */ = {
			isa = PBXVariantGroup;
			children = (
				98043F2F17B68EDD004AC762 /* en */,
			);
			name = InfoPlist.strings;
			sourceTree = "<group>";
		};
		98043F4017B68EDD004AC762 /* MainMenuViewController.xib */ = {
			isa = PBXVariantGroup;
			children = (
				98043F4117B68EDD004AC762 /* en */,
			);
			name = MainMenuViewController.xib;
			sourceTree = "<group>";
		};
/* End PBXVariantGroup section */

/* Begin XCBuildConfiguration section */
		98043F4317B68EDD004AC762 /* Debug */ = {
			isa = XCBuildConfiguration;
			buildSettings = {
				ALWAYS_SEARCH_USER_PATHS = NO;
				CLANG_CXX_LANGUAGE_STANDARD = "gnu++0x";
				CLANG_CXX_LIBRARY = "libc++";
				CLANG_ENABLE_OBJC_ARC = YES;
				CLANG_WARN_CONSTANT_CONVERSION = YES;
				CLANG_WARN_EMPTY_BODY = YES;
				CLANG_WARN_ENUM_CONVERSION = YES;
				CLANG_WARN_INT_CONVERSION = YES;
				CLANG_WARN__DUPLICATE_METHOD_MATCH = YES;
				"CODE_SIGN_IDENTITY[sdk=iphoneos*]" = "iPhone Developer";
				COPY_PHASE_STRIP = NO;
				GCC_C_LANGUAGE_STANDARD = gnu99;
				GCC_DYNAMIC_NO_PIC = NO;
				GCC_OPTIMIZATION_LEVEL = 0;
				GCC_PREPROCESSOR_DEFINITIONS = (
					"DEBUG=1",
					"$(inherited)",
				);
				GCC_SYMBOLS_PRIVATE_EXTERN = NO;
				GCC_WARN_ABOUT_RETURN_TYPE = YES;
				GCC_WARN_UNINITIALIZED_AUTOS = YES;
				GCC_WARN_UNUSED_VARIABLE = YES;
				IPHONEOS_DEPLOYMENT_TARGET = 6.1;
				ONLY_ACTIVE_ARCH = YES;
				SDKROOT = iphoneos;
			};
			name = Debug;
		};
		98043F4417B68EDD004AC762 /* Release */ = {
			isa = XCBuildConfiguration;
			buildSettings = {
				ALWAYS_SEARCH_USER_PATHS = NO;
				CLANG_CXX_LANGUAGE_STANDARD = "gnu++0x";
				CLANG_CXX_LIBRARY = "libc++";
				CLANG_ENABLE_OBJC_ARC = YES;
				CLANG_WARN_CONSTANT_CONVERSION = YES;
				CLANG_WARN_EMPTY_BODY = YES;
				CLANG_WARN_ENUM_CONVERSION = YES;
				CLANG_WARN_INT_CONVERSION = YES;
				CLANG_WARN__DUPLICATE_METHOD_MATCH = YES;
				"CODE_SIGN_IDENTITY[sdk=iphoneos*]" = "iPhone Developer";
				COPY_PHASE_STRIP = YES;
				GCC_C_LANGUAGE_STANDARD = gnu99;
				GCC_WARN_ABOUT_RETURN_TYPE = YES;
				GCC_WARN_UNINITIALIZED_AUTOS = YES;
				GCC_WARN_UNUSED_VARIABLE = YES;
				IPHONEOS_DEPLOYMENT_TARGET = 6.1;
				OTHER_CFLAGS = "-DNS_BLOCK_ASSERTIONS=1";
				SDKROOT = iphoneos;
				VALIDATE_PRODUCT = YES;
			};
			name = Release;
		};
		98043F4617B68EDD004AC762 /* Debug */ = {
			isa = XCBuildConfiguration;
			buildSettings = {
				GCC_PRECOMPILE_PREFIX_HEADER = YES;
				GCC_PREFIX_HEADER = "Oshieru/Oshieru-Prefix.pch";
				INFOPLIST_FILE = "Oshieru/Oshieru-Info.plist";
				PRODUCT_NAME = "$(TARGET_NAME)";
				WRAPPER_EXTENSION = app;
			};
			name = Debug;
		};
		98043F4717B68EDD004AC762 /* Release */ = {
			isa = XCBuildConfiguration;
			buildSettings = {
				GCC_PRECOMPILE_PREFIX_HEADER = YES;
				GCC_PREFIX_HEADER = "Oshieru/Oshieru-Prefix.pch";
				INFOPLIST_FILE = "Oshieru/Oshieru-Info.plist";
				PRODUCT_NAME = "$(TARGET_NAME)";
				WRAPPER_EXTENSION = app;
			};
			name = Release;
		};
/* End XCBuildConfiguration section */

/* Begin XCConfigurationList section */
		98043F1D17B68EDD004AC762 /* Build configuration list for PBXProject "Oshieru" */ = {
			isa = XCConfigurationList;
			buildConfigurations = (
				98043F4317B68EDD004AC762 /* Debug */,
				98043F4417B68EDD004AC762 /* Release */,
			);
			defaultConfigurationIsVisible = 0;
			defaultConfigurationName = Release;
		};
		98043F4517B68EDD004AC762 /* Build configuration list for PBXNativeTarget "Oshieru" */ = {
			isa = XCConfigurationList;
			buildConfigurations = (
				98043F4617B68EDD004AC762 /* Debug */,
				98043F4717B68EDD004AC762 /* Release */,
			);
			defaultConfigurationIsVisible = 0;
			defaultConfigurationName = Release;
		};
/* End XCConfigurationList section */
	};
	rootObject = 98043F1A17B68EDD004AC762 /* Project object */;
}
